// !$*UTF8*$!
{
	archiveVersion = 1;
	classes = {
	};
	objectVersion = 46;
	objects = {

/* Begin PBXBuildFile section */
		8F29F77414B9116200488B32 /* blueGradient.png in Resources */ = {isa = PBXBuildFile; fileRef = 8F29F77314B9116200488B32 /* blueGradient.png */; };
		8F29F77814B912D800488B32 /* backgroundDark.png in Resources */ = {isa = PBXBuildFile; fileRef = 8F29F77614B912D800488B32 /* backgroundDark.png */; };
		8F29F77914B912D800488B32 /* backgroundLight.png in Resources */ = {isa = PBXBuildFile; fileRef = 8F29F77714B912D800488B32 /* backgroundLight.png */; };
		8F32EB3014B56CD800122156 /* Cocoa.framework in Frameworks */ = {isa = PBXBuildFile; fileRef = 8F32EB2F14B56CD800122156 /* Cocoa.framework */; };
		8F32EB3814B56CD800122156 /* AppDelegate.m in Sources */ = {isa = PBXBuildFile; fileRef = 8F32EB3714B56CD800122156 /* AppDelegate.m */; };
		8F32EB3B14B56CD800122156 /* MainMenu.xib in Resources */ = {isa = PBXBuildFile; fileRef = 8F32EB3914B56CD800122156 /* MainMenu.xib */; };
		8F32EB4014B56CD800122156 /* main.m in Sources */ = {isa = PBXBuildFile; fileRef = 8F32EB3F14B56CD800122156 /* main.m */; };
		8F4EAF0814B6B18200C9C31C /* splitterhandle.png in Resources */ = {isa = PBXBuildFile; fileRef = 8F4EAF0714B6B18200C9C31C /* splitterhandle.png */; };
		8F4EAF0D14B6B44900C9C31C /* TestViewController.m in Sources */ = {isa = PBXBuildFile; fileRef = 8F4EAF0C14B6B44900C9C31C /* TestViewController.m */; };
		8F4EAF1314B6B8C600C9C31C /* NSViewController+TabBarControllerItem.m in Sources */ = {isa = PBXBuildFile; fileRef = 8F4EAF1214B6B8C600C9C31C /* NSViewController+TabBarControllerItem.m */; };
		8F4EAF1614B6BB2D00C9C31C /* TestViewController.xib in Resources */ = {isa = PBXBuildFile; fileRef = 8F4EAF1414B6BB2D00C9C31C /* TestViewController.xib */; };
		8F4EAF1814B6CB0C00C9C31C /* overflow.png in Resources */ = {isa = PBXBuildFile; fileRef = 8F4EAF1714B6CB0C00C9C31C /* overflow.png */; };
		8F4EAF1B14B6D6E600C9C31C /* TabBarSelectionIndicatorView.m in Sources */ = {isa = PBXBuildFile; fileRef = 8F4EAF1A14B6D6E600C9C31C /* TabBarSelectionIndicatorView.m */; };
		8FFAB3AB14B58C4900EAE31F /* MainWindowController.m in Sources */ = {isa = PBXBuildFile; fileRef = 8FFAB3AA14B58C4900EAE31F /* MainWindowController.m */; };
		8FFAB3AF14B58C6000EAE31F /* MainWindowController.xib in Resources */ = {isa = PBXBuildFile; fileRef = 8FFAB3AD14B58C6000EAE31F /* MainWindowController.xib */; };
		8FFAB3B414B58F6000EAE31F /* TabBarController.m in Sources */ = {isa = PBXBuildFile; fileRef = 8FFAB3B314B58F6000EAE31F /* TabBarController.m */; };
		8FFAB3B714B58F8500EAE31F /* TabBar.m in Sources */ = {isa = PBXBuildFile; fileRef = 8FFAB3B614B58F8500EAE31F /* TabBar.m */; };
		8FFAB3BA14B58F9500EAE31F /* TabBarController.xib in Resources */ = {isa = PBXBuildFile; fileRef = 8FFAB3B814B58F9500EAE31F /* TabBarController.xib */; };
		8FFAB3BD14B58FA900EAE31F /* TabBarItem.m in Sources */ = {isa = PBXBuildFile; fileRef = 8FFAB3BC14B58FA900EAE31F /* TabBarItem.m */; };
		8FFAB3C014B58FC000EAE31F /* TabBarItemView.m in Sources */ = {isa = PBXBuildFile; fileRef = 8FFAB3BF14B58FC000EAE31F /* TabBarItemView.m */; };
		8FFAB3C914B59BCC00EAE31F /* 1325750127_Times and Dates.png in Resources */ = {isa = PBXBuildFile; fileRef = 8FFAB3C414B59BCC00EAE31F /* 1325750127_Times and Dates.png */; };
		8FFAB3CA14B59BCC00EAE31F /* 1325750130_Control Panel.png in Resources */ = {isa = PBXBuildFile; fileRef = 8FFAB3C514B59BCC00EAE31F /* 1325750130_Control Panel.png */; };
		8FFAB3CB14B59BCC00EAE31F /* 1325750134_Account and Control.png in Resources */ = {isa = PBXBuildFile; fileRef = 8FFAB3C614B59BCC00EAE31F /* 1325750134_Account and Control.png */; };
		8FFAB3CC14B59BCC00EAE31F /* 1325750140_Home.png in Resources */ = {isa = PBXBuildFile; fileRef = 8FFAB3C714B59BCC00EAE31F /* 1325750140_Home.png */; };
		8FFAB3CD14B59BCC00EAE31F /* 1325750145_Folder-Picture-2.png in Resources */ = {isa = PBXBuildFile; fileRef = 8FFAB3C814B59BCC00EAE31F /* 1325750145_Folder-Picture-2.png */; };
		8FFAB3D514B5A70900EAE31F /* TabBarItem.xib in Resources */ = {isa = PBXBuildFile; fileRef = 8FFAB3D314B5A70900EAE31F /* TabBarItem.xib */; };
/* End PBXBuildFile section */

/* Begin PBXFileReference section */
		8F29F77314B9116200488B32 /* blueGradient.png */ = {isa = PBXFileReference; lastKnownFileType = image.png; path = blueGradient.png; sourceTree = "<group>"; };
		8F29F77614B912D800488B32 /* backgroundDark.png */ = {isa = PBXFileReference; lastKnownFileType = image.png; path = backgroundDark.png; sourceTree = "<group>"; };
		8F29F77714B912D800488B32 /* backgroundLight.png */ = {isa = PBXFileReference; lastKnownFileType = image.png; path = backgroundLight.png; sourceTree = "<group>"; };
		8F32EB2B14B56CD800122156 /* Pressure.app */ = {isa = PBXFileReference; explicitFileType = wrapper.application; includeInIndex = 0; path = Pressure.app; sourceTree = BUILT_PRODUCTS_DIR; };
		8F32EB2F14B56CD800122156 /* Cocoa.framework */ = {isa = PBXFileReference; lastKnownFileType = wrapper.framework; name = Cocoa.framework; path = System/Library/Frameworks/Cocoa.framework; sourceTree = SDKROOT; };
		8F32EB3214B56CD800122156 /* AppKit.framework */ = {isa = PBXFileReference; lastKnownFileType = wrapper.framework; name = AppKit.framework; path = System/Library/Frameworks/AppKit.framework; sourceTree = SDKROOT; };
		8F32EB3314B56CD800122156 /* CoreData.framework */ = {isa = PBXFileReference; lastKnownFileType = wrapper.framework; name = CoreData.framework; path = System/Library/Frameworks/CoreData.framework; sourceTree = SDKROOT; };
		8F32EB3414B56CD800122156 /* Foundation.framework */ = {isa = PBXFileReference; lastKnownFileType = wrapper.framework; name = Foundation.framework; path = System/Library/Frameworks/Foundation.framework; sourceTree = SDKROOT; };
		8F32EB3614B56CD800122156 /* AppDelegate.h */ = {isa = PBXFileReference; lastKnownFileType = sourcecode.c.h; path = AppDelegate.h; sourceTree = "<group>"; };
		8F32EB3714B56CD800122156 /* AppDelegate.m */ = {isa = PBXFileReference; lastKnownFileType = sourcecode.c.objc; path = AppDelegate.m; sourceTree = "<group>"; };
		8F32EB3A14B56CD800122156 /* en */ = {isa = PBXFileReference; lastKnownFileType = file.xib; name = en; path = en.lproj/MainMenu.xib; sourceTree = "<group>"; };
		8F32EB3D14B56CD800122156 /* Pressure-Info.plist */ = {isa = PBXFileReference; lastKnownFileType = text.plist.xml; path = "Pressure-Info.plist"; sourceTree = "<group>"; };
		8F32EB3E14B56CD800122156 /* Pressure-Prefix.pch */ = {isa = PBXFileReference; lastKnownFileType = sourcecode.c.h; path = "Pressure-Prefix.pch"; sourceTree = "<group>"; };
		8F32EB3F14B56CD800122156 /* main.m */ = {isa = PBXFileReference; lastKnownFileType = sourcecode.c.objc; path = main.m; sourceTree = "<group>"; };
		8F4EAF0714B6B18200C9C31C /* splitterhandle.png */ = {isa = PBXFileReference; lastKnownFileType = image.png; path = splitterhandle.png; sourceTree = "<group>"; };
		8F4EAF0B14B6B44900C9C31C /* TestViewController.h */ = {isa = PBXFileReference; fileEncoding = 4; lastKnownFileType = sourcecode.c.h; path = TestViewController.h; sourceTree = "<group>"; };
		8F4EAF0C14B6B44900C9C31C /* TestViewController.m */ = {isa = PBXFileReference; fileEncoding = 4; lastKnownFileType = sourcecode.c.objc; path = TestViewController.m; sourceTree = "<group>"; };
		8F4EAF1114B6B8C600C9C31C /* NSViewController+TabBarControllerItem.h */ = {isa = PBXFileReference; fileEncoding = 4; lastKnownFileType = sourcecode.c.h; path = "NSViewController+TabBarControllerItem.h"; sourceTree = "<group>"; };
		8F4EAF1214B6B8C600C9C31C /* NSViewController+TabBarControllerItem.m */ = {isa = PBXFileReference; fileEncoding = 4; lastKnownFileType = sourcecode.c.objc; path = "NSViewController+TabBarControllerItem.m"; sourceTree = "<group>"; };
		8F4EAF1514B6BB2D00C9C31C /* en */ = {isa = PBXFileReference; lastKnownFileType = file.xib; name = en; path = en.lproj/TestViewController.xib; sourceTree = "<group>"; };
		8F4EAF1714B6CB0C00C9C31C /* overflow.png */ = {isa = PBXFileReference; lastKnownFileType = image.png; path = overflow.png; sourceTree = "<group>"; };
		8F4EAF1914B6D6E600C9C31C /* TabBarSelectionIndicatorView.h */ = {isa = PBXFileReference; fileEncoding = 4; lastKnownFileType = sourcecode.c.h; path = TabBarSelectionIndicatorView.h; sourceTree = "<group>"; };
		8F4EAF1A14B6D6E600C9C31C /* TabBarSelectionIndicatorView.m */ = {isa = PBXFileReference; fileEncoding = 4; lastKnownFileType = sourcecode.c.objc; path = TabBarSelectionIndicatorView.m; sourceTree = "<group>"; };
		8FFAB3A914B58C4900EAE31F /* MainWindowController.h */ = {isa = PBXFileReference; fileEncoding = 4; lastKnownFileType = sourcecode.c.h; path = MainWindowController.h; sourceTree = "<group>"; };
		8FFAB3AA14B58C4900EAE31F /* MainWindowController.m */ = {isa = PBXFileReference; fileEncoding = 4; lastKnownFileType = sourcecode.c.objc; path = MainWindowController.m; sourceTree = "<group>"; };
		8FFAB3AE14B58C6000EAE31F /* en */ = {isa = PBXFileReference; lastKnownFileType = file.xib; name = en; path = en.lproj/MainWindowController.xib; sourceTree = "<group>"; };
		8FFAB3B214B58F6000EAE31F /* TabBarController.h */ = {isa = PBXFileReference; fileEncoding = 4; lastKnownFileType = sourcecode.c.h; path = TabBarController.h; sourceTree = "<group>"; };
		8FFAB3B314B58F6000EAE31F /* TabBarController.m */ = {isa = PBXFileReference; fileEncoding = 4; lastKnownFileType = sourcecode.c.objc; path = TabBarController.m; sourceTree = "<group>"; };
		8FFAB3B514B58F8500EAE31F /* TabBar.h */ = {isa = PBXFileReference; fileEncoding = 4; lastKnownFileType = sourcecode.c.h; path = TabBar.h; sourceTree = "<group>"; };
		8FFAB3B614B58F8500EAE31F /* TabBar.m */ = {isa = PBXFileReference; fileEncoding = 4; lastKnownFileType = sourcecode.c.objc; path = TabBar.m; sourceTree = "<group>"; };
		8FFAB3B914B58F9500EAE31F /* en */ = {isa = PBXFileReference; lastKnownFileType = file.xib; name = en; path = en.lproj/TabBarController.xib; sourceTree = "<group>"; };
		8FFAB3BB14B58FA900EAE31F /* TabBarItem.h */ = {isa = PBXFileReference; fileEncoding = 4; lastKnownFileType = sourcecode.c.h; path = TabBarItem.h; sourceTree = "<group>"; };
		8FFAB3BC14B58FA900EAE31F /* TabBarItem.m */ = {isa = PBXFileReference; fileEncoding = 4; lastKnownFileType = sourcecode.c.objc; path = TabBarItem.m; sourceTree = "<group>"; };
		8FFAB3BE14B58FC000EAE31F /* TabBarItemView.h */ = {isa = PBXFileReference; fileEncoding = 4; lastKnownFileType = sourcecode.c.h; path = TabBarItemView.h; sourceTree = "<group>"; };
		8FFAB3BF14B58FC000EAE31F /* TabBarItemView.m */ = {isa = PBXFileReference; fileEncoding = 4; lastKnownFileType = sourcecode.c.objc; path = TabBarItemView.m; sourceTree = "<group>"; };
		8FFAB3C414B59BCC00EAE31F /* 1325750127_Times and Dates.png */ = {isa = PBXFileReference; lastKnownFileType = image.png; path = "1325750127_Times and Dates.png"; sourceTree = "<group>"; };
		8FFAB3C514B59BCC00EAE31F /* 1325750130_Control Panel.png */ = {isa = PBXFileReference; lastKnownFileType = image.png; path = "1325750130_Control Panel.png"; sourceTree = "<group>"; };
		8FFAB3C614B59BCC00EAE31F /* 1325750134_Account and Control.png */ = {isa = PBXFileReference; lastKnownFileType = image.png; path = "1325750134_Account and Control.png"; sourceTree = "<group>"; };
		8FFAB3C714B59BCC00EAE31F /* 1325750140_Home.png */ = {isa = PBXFileReference; lastKnownFileType = image.png; path = 1325750140_Home.png; sourceTree = "<group>"; };
		8FFAB3C814B59BCC00EAE31F /* 1325750145_Folder-Picture-2.png */ = {isa = PBXFileReference; lastKnownFileType = image.png; path = "1325750145_Folder-Picture-2.png"; sourceTree = "<group>"; };
		8FFAB3D414B5A70900EAE31F /* en */ = {isa = PBXFileReference; lastKnownFileType = file.xib; name = en; path = en.lproj/TabBarItem.xib; sourceTree = "<group>"; };
/* End PBXFileReference section */

/* Begin PBXFrameworksBuildPhase section */
		8F32EB2714B56CD800122156 /* Frameworks */ = {
			isa = PBXFrameworksBuildPhase;
			buildActionMask = 2147483647;
			files = (
				8F32EB3014B56CD800122156 /* Cocoa.framework in Frameworks */,
			);
			runOnlyForDeploymentPostprocessing = 0;
		};
/* End PBXFrameworksBuildPhase section */

/* Begin PBXGroup section */
		8F32EB1F14B56CD800122156 = {
			isa = PBXGroup;
			children = (
				8F32EB3514B56CD800122156 /* Pressure */,
				8F32EB2E14B56CD800122156 /* Frameworks */,
				8F32EB2C14B56CD800122156 /* Products */,
			);
			sourceTree = "<group>";
		};
		8F32EB2C14B56CD800122156 /* Products */ = {
			isa = PBXGroup;
			children = (
				8F32EB2B14B56CD800122156 /* Pressure.app */,
			);
			name = Products;
			sourceTree = "<group>";
		};
		8F32EB2E14B56CD800122156 /* Frameworks */ = {
			isa = PBXGroup;
			children = (
				8F32EB2F14B56CD800122156 /* Cocoa.framework */,
				8F32EB3114B56CD800122156 /* Other Frameworks */,
			);
			name = Frameworks;
			sourceTree = "<group>";
		};
		8F32EB3114B56CD800122156 /* Other Frameworks */ = {
			isa = PBXGroup;
			children = (
				8F32EB3214B56CD800122156 /* AppKit.framework */,
				8F32EB3314B56CD800122156 /* CoreData.framework */,
				8F32EB3414B56CD800122156 /* Foundation.framework */,
			);
			name = "Other Frameworks";
			sourceTree = "<group>";
		};
		8F32EB3514B56CD800122156 /* Pressure */ = {
			isa = PBXGroup;
			children = (
				8F32EB3614B56CD800122156 /* AppDelegate.h */,
				8F32EB3714B56CD800122156 /* AppDelegate.m */,
				8F32EB3914B56CD800122156 /* MainMenu.xib */,
				8FFAB3A914B58C4900EAE31F /* MainWindowController.h */,
				8FFAB3AA14B58C4900EAE31F /* MainWindowController.m */,
				8FFAB3AD14B58C6000EAE31F /* MainWindowController.xib */,
				8F4EAF0A14B6B42A00C9C31C /* Tabs */,
				8FFAB3B114B58F4800EAE31F /* Tab Bar */,
				8FFAB3B014B58E2300EAE31F /* Images */,
				8F32EB3C14B56CD800122156 /* Supporting Files */,
			);
			path = Pressure;
			sourceTree = "<group>";
		};
		8F32EB3C14B56CD800122156 /* Supporting Files */ = {
			isa = PBXGroup;
			children = (
				8F32EB3D14B56CD800122156 /* Pressure-Info.plist */,
				8F32EB3E14B56CD800122156 /* Pressure-Prefix.pch */,
				8F32EB3F14B56CD800122156 /* main.m */,
			);
			name = "Supporting Files";
			sourceTree = "<group>";
		};
		8F4EAF0614B6B18200C9C31C /* Tab Bar */ = {
			isa = PBXGroup;
			children = (
				8F29F77614B912D800488B32 /* backgroundDark.png */,
				8F29F77714B912D800488B32 /* backgroundLight.png */,
				8F29F77314B9116200488B32 /* blueGradient.png */,
				8F4EAF1714B6CB0C00C9C31C /* overflow.png */,
				8F4EAF0714B6B18200C9C31C /* splitterhandle.png */,
			);
			path = "Tab Bar";
			sourceTree = "<group>";
		};
		8F4EAF0A14B6B42A00C9C31C /* Tabs */ = {
			isa = PBXGroup;
			children = (
				8F4EAF0B14B6B44900C9C31C /* TestViewController.h */,
				8F4EAF0C14B6B44900C9C31C /* TestViewController.m */,
				8F4EAF1414B6BB2D00C9C31C /* TestViewController.xib */,
			);
			name = Tabs;
			sourceTree = "<group>";
		};
		8FFAB3B014B58E2300EAE31F /* Images */ = {
			isa = PBXGroup;
			children = (
				8FFAB3C414B59BCC00EAE31F /* 1325750127_Times and Dates.png */,
				8FFAB3C514B59BCC00EAE31F /* 1325750130_Control Panel.png */,
				8FFAB3C614B59BCC00EAE31F /* 1325750134_Account and Control.png */,
				8FFAB3C714B59BCC00EAE31F /* 1325750140_Home.png */,
				8FFAB3C814B59BCC00EAE31F /* 1325750145_Folder-Picture-2.png */,
				8F4EAF0614B6B18200C9C31C /* Tab Bar */,
			);
			path = Images;
			sourceTree = "<group>";
		};
		8FFAB3B114B58F4800EAE31F /* Tab Bar */ = {
			isa = PBXGroup;
			children = (
				8F4EAF1114B6B8C600C9C31C /* NSViewController+TabBarControllerItem.h */,
				8F4EAF1214B6B8C600C9C31C /* NSViewController+TabBarControllerItem.m */,
				8FFAB3B514B58F8500EAE31F /* TabBar.h */,
				8FFAB3B614B58F8500EAE31F /* TabBar.m */,
				8FFAB3B214B58F6000EAE31F /* TabBarController.h */,
				8FFAB3B314B58F6000EAE31F /* TabBarController.m */,
				8FFAB3B814B58F9500EAE31F /* TabBarController.xib */,
				8FFAB3BB14B58FA900EAE31F /* TabBarItem.h */,
				8FFAB3BC14B58FA900EAE31F /* TabBarItem.m */,
				8FFAB3D314B5A70900EAE31F /* TabBarItem.xib */,
				8F4EAF1914B6D6E600C9C31C /* TabBarSelectionIndicatorView.h */,
				8F4EAF1A14B6D6E600C9C31C /* TabBarSelectionIndicatorView.m */,
				8FFAB3BE14B58FC000EAE31F /* TabBarItemView.h */,
				8FFAB3BF14B58FC000EAE31F /* TabBarItemView.m */,
			);
			name = "Tab Bar";
			sourceTree = "<group>";
		};
/* End PBXGroup section */

/* Begin PBXNativeTarget section */
		8F32EB2A14B56CD800122156 /* Pressure */ = {
			isa = PBXNativeTarget;
			buildConfigurationList = 8F32EB4314B56CD800122156 /* Build configuration list for PBXNativeTarget "Pressure" */;
			buildPhases = (
				8F32EB2614B56CD800122156 /* Sources */,
				8F32EB2714B56CD800122156 /* Frameworks */,
				8F32EB2814B56CD800122156 /* Resources */,
			);
			buildRules = (
			);
			dependencies = (
			);
			name = Pressure;
			productName = Pressure;
			productReference = 8F32EB2B14B56CD800122156 /* Pressure.app */;
			productType = "com.apple.product-type.application";
		};
/* End PBXNativeTarget section */

/* Begin PBXProject section */
		8F32EB2114B56CD800122156 /* Project object */ = {
			isa = PBXProject;
			attributes = {
				LastUpgradeCheck = 0420;
			};
			buildConfigurationList = 8F32EB2414B56CD800122156 /* Build configuration list for PBXProject "Pressure" */;
			compatibilityVersion = "Xcode 3.2";
			developmentRegion = English;
			hasScannedForEncodings = 0;
			knownRegions = (
				en,
			);
			mainGroup = 8F32EB1F14B56CD800122156;
			productRefGroup = 8F32EB2C14B56CD800122156 /* Products */;
			projectDirPath = "";
			projectRoot = "";
			targets = (
				8F32EB2A14B56CD800122156 /* Pressure */,
			);
		};
/* End PBXProject section */

/* Begin PBXResourcesBuildPhase section */
		8F32EB2814B56CD800122156 /* Resources */ = {
			isa = PBXResourcesBuildPhase;
			buildActionMask = 2147483647;
			files = (
				8F32EB3B14B56CD800122156 /* MainMenu.xib in Resources */,
				8FFAB3AF14B58C6000EAE31F /* MainWindowController.xib in Resources */,
				8FFAB3BA14B58F9500EAE31F /* TabBarController.xib in Resources */,
				8FFAB3C914B59BCC00EAE31F /* 1325750127_Times and Dates.png in Resources */,
				8FFAB3CA14B59BCC00EAE31F /* 1325750130_Control Panel.png in Resources */,
				8FFAB3CB14B59BCC00EAE31F /* 1325750134_Account and Control.png in Resources */,
				8FFAB3CC14B59BCC00EAE31F /* 1325750140_Home.png in Resources */,
				8FFAB3CD14B59BCC00EAE31F /* 1325750145_Folder-Picture-2.png in Resources */,
				8FFAB3D514B5A70900EAE31F /* TabBarItem.xib in Resources */,
				8F4EAF0814B6B18200C9C31C /* splitterhandle.png in Resources */,
				8F4EAF1614B6BB2D00C9C31C /* TestViewController.xib in Resources */,
				8F4EAF1814B6CB0C00C9C31C /* overflow.png in Resources */,
				8F29F77414B9116200488B32 /* blueGradient.png in Resources */,
				8F29F77814B912D800488B32 /* backgroundDark.png in Resources */,
				8F29F77914B912D800488B32 /* backgroundLight.png in Resources */,
			);
			runOnlyForDeploymentPostprocessing = 0;
		};
/* End PBXResourcesBuildPhase section */

/* Begin PBXSourcesBuildPhase section */
		8F32EB2614B56CD800122156 /* Sources */ = {
			isa = PBXSourcesBuildPhase;
			buildActionMask = 2147483647;
			files = (
				8F32EB3814B56CD800122156 /* AppDelegate.m in Sources */,
				8F32EB4014B56CD800122156 /* main.m in Sources */,
				8FFAB3AB14B58C4900EAE31F /* MainWindowController.m in Sources */,
				8FFAB3B414B58F6000EAE31F /* TabBarController.m in Sources */,
				8FFAB3B714B58F8500EAE31F /* TabBar.m in Sources */,
				8FFAB3BD14B58FA900EAE31F /* TabBarItem.m in Sources */,
				8FFAB3C014B58FC000EAE31F /* TabBarItemView.m in Sources */,
				8F4EAF0D14B6B44900C9C31C /* TestViewController.m in Sources */,
				8F4EAF1314B6B8C600C9C31C /* NSViewController+TabBarControllerItem.m in Sources */,
				8F4EAF1B14B6D6E600C9C31C /* TabBarSelectionIndicatorView.m in Sources */,
			);
			runOnlyForDeploymentPostprocessing = 0;
		};
/* End PBXSourcesBuildPhase section */

/* Begin PBXVariantGroup section */
		8F32EB3914B56CD800122156 /* MainMenu.xib */ = {
			isa = PBXVariantGroup;
			children = (
				8F32EB3A14B56CD800122156 /* en */,
			);
			name = MainMenu.xib;
			sourceTree = "<group>";
		};
		8F4EAF1414B6BB2D00C9C31C /* TestViewController.xib */ = {
			isa = PBXVariantGroup;
			children = (
				8F4EAF1514B6BB2D00C9C31C /* en */,
			);
			name = TestViewController.xib;
			sourceTree = "<group>";
		};
		8FFAB3AD14B58C6000EAE31F /* MainWindowController.xib */ = {
			isa = PBXVariantGroup;
			children = (
				8FFAB3AE14B58C6000EAE31F /* en */,
			);
			name = MainWindowController.xib;
			sourceTree = "<group>";
		};
		8FFAB3B814B58F9500EAE31F /* TabBarController.xib */ = {
			isa = PBXVariantGroup;
			children = (
				8FFAB3B914B58F9500EAE31F /* en */,
			);
			name = TabBarController.xib;
			sourceTree = "<group>";
		};
		8FFAB3D314B5A70900EAE31F /* TabBarItem.xib */ = {
			isa = PBXVariantGroup;
			children = (
				8FFAB3D414B5A70900EAE31F /* en */,
			);
			name = TabBarItem.xib;
			sourceTree = "<group>";
		};
/* End PBXVariantGroup section */

/* Begin XCBuildConfiguration section */
		8F32EB4114B56CD800122156 /* Debug */ = {
			isa = XCBuildConfiguration;
			buildSettings = {
				ALWAYS_SEARCH_USER_PATHS = NO;
				ARCHS = "$(ARCHS_STANDARD_32_64_BIT)";
				COPY_PHASE_STRIP = NO;
				GCC_C_LANGUAGE_STANDARD = c99;
				GCC_OPTIMIZATION_LEVEL = 0;
				GCC_TREAT_IMPLICIT_FUNCTION_DECLARATIONS_AS_ERRORS = YES;
				GCC_TREAT_WARNINGS_AS_ERRORS = YES;
				GCC_WARN_64_TO_32_BIT_CONVERSION = YES;
				GCC_WARN_ABOUT_RETURN_TYPE = YES;
				GCC_WARN_ALLOW_INCOMPLETE_PROTOCOL = NO;
				GCC_WARN_HIDDEN_VIRTUAL_FUNCTIONS = YES;
				GCC_WARN_INITIALIZER_NOT_FULLY_BRACKETED = YES;
				GCC_WARN_NON_VIRTUAL_DESTRUCTOR = YES;
				GCC_WARN_SIGN_COMPARE = YES;
				GCC_WARN_UNINITIALIZED_AUTOS = YES;
				GCC_WARN_UNUSED_FUNCTION = YES;
				GCC_WARN_UNUSED_LABEL = YES;
				GCC_WARN_UNUSED_VARIABLE = YES;
				OTHER_CFLAGS = (
					"-Wnested-externs",
					"-Wold-style-definition",
					"-Wstrict-prototypes",
					"-Wundeclared-selector",
				);
				OTHER_CPLUSPLUSFLAGS = "-Wsign-promo";
				OTHER_LDFLAGS = "-Wl,-search_paths_first";
				SDKROOT = macosx;
				WARNING_CFLAGS = (
					"-Wall",
					"-Wdisabled-optimization",
					"-Wextra",
					"-Wextra-tokens",
					"-Wfloat-equal",
					"-Wformat-security",
					"-Winit-self",
					"-Winvalid-pch",
					"-Wlong-long",
					"-Wno-missing-field-initializers",
					"-Wno-unknown-pragmas",
					"-Wno-unused-parameter",
					"-Wpointer-arith",
					"-Wredundant-decls",
					"-Wswitch-default",
					"-Wswitch-enum",
				);
			};
			name = Debug;
		};
		8F32EB4214B56CD800122156 /* Release */ = {
			isa = XCBuildConfiguration;
			buildSettings = {
				ALWAYS_SEARCH_USER_PATHS = NO;
				ARCHS = "$(ARCHS_STANDARD_32_64_BIT)";
				DEBUG_INFORMATION_FORMAT = "dwarf-with-dsym";
				GCC_C_LANGUAGE_STANDARD = c99;
				GCC_PREPROCESSOR_DEFINITIONS = (
					NDEBUG,
					NS_BLOCK_ASSERTIONS,
				);
				GCC_TREAT_IMPLICIT_FUNCTION_DECLARATIONS_AS_ERRORS = YES;
				GCC_TREAT_WARNINGS_AS_ERRORS = YES;
				GCC_WARN_64_TO_32_BIT_CONVERSION = YES;
				GCC_WARN_ABOUT_RETURN_TYPE = YES;
				GCC_WARN_ALLOW_INCOMPLETE_PROTOCOL = NO;
				GCC_WARN_HIDDEN_VIRTUAL_FUNCTIONS = YES;
				GCC_WARN_INITIALIZER_NOT_FULLY_BRACKETED = YES;
				GCC_WARN_NON_VIRTUAL_DESTRUCTOR = YES;
				GCC_WARN_SIGN_COMPARE = YES;
				GCC_WARN_UNINITIALIZED_AUTOS = YES;
				GCC_WARN_UNUSED_FUNCTION = YES;
				GCC_WARN_UNUSED_LABEL = YES;
				GCC_WARN_UNUSED_VARIABLE = YES;
				OTHER_CFLAGS = (
					"-Wnested-externs",
					"-Wold-style-definition",
					"-Wstrict-prototypes",
					"-Wundeclared-selector",
				);
				OTHER_CPLUSPLUSFLAGS = "-Wsign-promo";
				OTHER_LDFLAGS = "-Wl,-search_paths_first";
				SDKROOT = macosx;
				WARNING_CFLAGS = (
					"-Wall",
					"-Wdisabled-optimization",
					"-Wextra",
					"-Wextra-tokens",
					"-Wfloat-equal",
					"-Wformat-security",
					"-Winit-self",
					"-Winvalid-pch",
					"-Wlong-long",
					"-Wno-missing-field-initializers",
					"-Wno-unknown-pragmas",
					"-Wno-unused-parameter",
					"-Wpointer-arith",
					"-Wredundant-decls",
					"-Wswitch-default",
					"-Wswitch-enum",
				);
			};
			name = Release;
		};
		8F32EB4414B56CD800122156 /* Debug */ = {
			isa = XCBuildConfiguration;
			buildSettings = {
				GCC_PRECOMPILE_PREFIX_HEADER = YES;
				GCC_PREFIX_HEADER = "Pressure/Pressure-Prefix.pch";
				INFOPLIST_FILE = "Pressure/Pressure-Info.plist";
				PRODUCT_NAME = Pressure;
			};
			name = Debug;
		};
		8F32EB4514B56CD800122156 /* Release */ = {
			isa = XCBuildConfiguration;
			buildSettings = {
				GCC_PRECOMPILE_PREFIX_HEADER = YES;
				GCC_PREFIX_HEADER = "Pressure/Pressure-Prefix.pch";
				INFOPLIST_FILE = "Pressure/Pressure-Info.plist";
				PRODUCT_NAME = Pressure;
			};
			name = Release;
		};
/* End XCBuildConfiguration section */

/* Begin XCConfigurationList section */
		8F32EB2414B56CD800122156 /* Build configuration list for PBXProject "Pressure" */ = {
			isa = XCConfigurationList;
			buildConfigurations = (
				8F32EB4114B56CD800122156 /* Debug */,
				8F32EB4214B56CD800122156 /* Release */,
			);
			defaultConfigurationIsVisible = 0;
			defaultConfigurationName = Release;
		};
		8F32EB4314B56CD800122156 /* Build configuration list for PBXNativeTarget "Pressure" */ = {
			isa = XCConfigurationList;
			buildConfigurations = (
				8F32EB4414B56CD800122156 /* Debug */,
				8F32EB4514B56CD800122156 /* Release */,
			);
			defaultConfigurationIsVisible = 0;
			defaultConfigurationName = Release;
		};
/* End XCConfigurationList section */
	};
	rootObject = 8F32EB2114B56CD800122156 /* Project object */;
}
