// !$*UTF8*$!
{
	archiveVersion = 1;
	classes = {
	};
	objectVersion = 46;
	objects = {

/* Begin PBXBuildFile section */
		8F176DFB14BAB9EE004A5E1A /* SyncButton.m in Sources */ = {isa = PBXBuildFile; fileRef = 8F176DFA14BAB9EE004A5E1A /* SyncButton.m */; };
		8F176DFE14BAB9F7004A5E1A /* RolloverButtonCell.m in Sources */ = {isa = PBXBuildFile; fileRef = 8F176DFD14BAB9F7004A5E1A /* RolloverButtonCell.m */; };
		8F29F77414B9116200488B32 /* blueGradient.png in Resources */ = {isa = PBXBuildFile; fileRef = 8F29F77314B9116200488B32 /* blueGradient.png */; };
		8F29F77814B912D800488B32 /* backgroundDark.png in Resources */ = {isa = PBXBuildFile; fileRef = 8F29F77614B912D800488B32 /* backgroundDark.png */; };
		8F29F77914B912D800488B32 /* backgroundLight.png in Resources */ = {isa = PBXBuildFile; fileRef = 8F29F77714B912D800488B32 /* backgroundLight.png */; };
		8F32EB3014B56CD800122156 /* Cocoa.framework in Frameworks */ = {isa = PBXBuildFile; fileRef = 8F32EB2F14B56CD800122156 /* Cocoa.framework */; };
		8F32EB3814B56CD800122156 /* AppDelegate.m in Sources */ = {isa = PBXBuildFile; fileRef = 8F32EB3714B56CD800122156 /* AppDelegate.m */; };
		8F32EB3B14B56CD800122156 /* MainMenu.xib in Resources */ = {isa = PBXBuildFile; fileRef = 8F32EB3914B56CD800122156 /* MainMenu.xib */; };
		8F32EB4014B56CD800122156 /* main.m in Sources */ = {isa = PBXBuildFile; fileRef = 8F32EB3F14B56CD800122156 /* main.m */; };
		8F41AEE414B9623B00F850D0 /* syncarrow.pdf in Resources */ = {isa = PBXBuildFile; fileRef = 8F41AEE214B9623B00F850D0 /* syncarrow.pdf */; };
		8F41AEE514B9623B00F850D0 /* x_close.pdf in Resources */ = {isa = PBXBuildFile; fileRef = 8F41AEE314B9623B00F850D0 /* x_close.pdf */; };
		8F4EAF0814B6B18200C9C31C /* splitterhandle.png in Resources */ = {isa = PBXBuildFile; fileRef = 8F4EAF0714B6B18200C9C31C /* splitterhandle.png */; };
		8F4EAF0D14B6B44900C9C31C /* TestViewController.m in Sources */ = {isa = PBXBuildFile; fileRef = 8F4EAF0C14B6B44900C9C31C /* TestViewController.m */; };
		8F4EAF1314B6B8C600C9C31C /* NSViewController+TabBarControllerItem.m in Sources */ = {isa = PBXBuildFile; fileRef = 8F4EAF1214B6B8C600C9C31C /* NSViewController+TabBarControllerItem.m */; };
		8F4EAF1614B6BB2D00C9C31C /* TestViewController.xib in Resources */ = {isa = PBXBuildFile; fileRef = 8F4EAF1414B6BB2D00C9C31C /* TestViewController.xib */; };
		8F4EAF1814B6CB0C00C9C31C /* overflow.png in Resources */ = {isa = PBXBuildFile; fileRef = 8F4EAF1714B6CB0C00C9C31C /* overflow.png */; };
		8F4EAF1B14B6D6E600C9C31C /* TabBarSelectionIndicatorView.m in Sources */ = {isa = PBXBuildFile; fileRef = 8F4EAF1A14B6D6E600C9C31C /* TabBarSelectionIndicatorView.m */; };
		8F76D0A414B9816900C1F1A0 /* TMRotatingArrow.pdf in Resources */ = {isa = PBXBuildFile; fileRef = 8F76D0A314B9816900C1F1A0 /* TMRotatingArrow.pdf */; };
		8FD7477A14DE69F600E4E060 /* PXUserDefaults.m in Sources */ = {isa = PBXBuildFile; fileRef = 8FD7477914DE69F600E4E060 /* PXUserDefaults.m */; };
		8FFAB3AB14B58C4900EAE31F /* MainWindowController.m in Sources */ = {isa = PBXBuildFile; fileRef = 8FFAB3AA14B58C4900EAE31F /* MainWindowController.m */; };
		8FFAB3AF14B58C6000EAE31F /* MainWindowController.xib in Resources */ = {isa = PBXBuildFile; fileRef = 8FFAB3AD14B58C6000EAE31F /* MainWindowController.xib */; };
		8FFAB3B414B58F6000EAE31F /* TabBarController.m in Sources */ = {isa = PBXBuildFile; fileRef = 8FFAB3B314B58F6000EAE31F /* TabBarController.m */; };
		8FFAB3B714B58F8500EAE31F /* TabBar.m in Sources */ = {isa = PBXBuildFile; fileRef = 8FFAB3B614B58F8500EAE31F /* TabBar.m */; };
		8FFAB3BA14B58F9500EAE31F /* TabBarController.xib in Resources */ = {isa = PBXBuildFile; fileRef = 8FFAB3B814B58F9500EAE31F /* TabBarController.xib */; };
		8FFAB3BD14B58FA900EAE31F /* TabBarItem.m in Sources */ = {isa = PBXBuildFile; fileRef = 8FFAB3BC14B58FA900EAE31F /* TabBarItem.m */; };
		8FFAB3C014B58FC000EAE31F /* TabBarItemView.m in Sources */ = {isa = PBXBuildFile; fileRef = 8FFAB3BF14B58FC000EAE31F /* TabBarItemView.m */; };
		8FFAB3C914B59BCC00EAE31F /* 1325750127_Times and Dates.png in Resources */ = {isa = PBXBuildFile; fileRef = 8FFAB3C414B59BCC00EAE31F /* 1325750127_Times and Dates.png */; };
		8FFAB3CA14B59BCC00EAE31F /* 1325750130_Control Panel.png in Resources */ = {isa = PBXBuildFile; fileRef = 8FFAB3C514B59BCC00EAE31F /* 1325750130_Control Panel.png */; };
		8FFAB3CB14B59BCC00EAE31F /* 1325750134_Account and Control.png in Resources */ = {isa = PBXBuildFile; fileRef = 8FFAB3C614B59BCC00EAE31F /* 1325750134_Account and Control.png */; };
		8FFAB3CC14B59BCC00EAE31F /* 1325750140_Home.png in Resources */ = {isa = PBXBuildFile; fileRef = 8FFAB3C714B59BCC00EAE31F /* 1325750140_Home.png */; };
		8FFAB3D514B5A70900EAE31F /* TabBarItem.xib in Resources */ = {isa = PBXBuildFile; fileRef = 8FFAB3D314B5A70900EAE31F /* TabBarItem.xib */; };
		8FFBCBB614C928DA00A24EA5 /* CorePlot.framework in Copy Files (Frameworks) */ = {isa = PBXBuildFile; fileRef = DA4C98E614C377130068793E /* CorePlot.framework */; };
		DA1A34BC14BA2EA30089F858 /* GraphViewController.m in Sources */ = {isa = PBXBuildFile; fileRef = DA1A34BA14BA2EA30089F858 /* GraphViewController.m */; };
		DA1A34BD14BA2EA30089F858 /* GraphViewController.xib in Resources */ = {isa = PBXBuildFile; fileRef = DA1A34BB14BA2EA30089F858 /* GraphViewController.xib */; };
		DA1A34CD14BB36D00089F858 /* OmronDataSource.m in Sources */ = {isa = PBXBuildFile; fileRef = DA1A34CA14BB36D00089F858 /* OmronDataSource.m */; };
		DA1A34CE14BB36D00089F858 /* OmronDataSyncOperation.m in Sources */ = {isa = PBXBuildFile; fileRef = DA1A34CC14BB36D00089F858 /* OmronDataSyncOperation.m */; };
		DA33174C14C10DFA00022170 /* OmronDataRecord.m in Sources */ = {isa = PBXBuildFile; fileRef = DA33174B14C10DFA00022170 /* OmronDataRecord.m */; };
		DA340FF7150A32C200CA5AED /* SWDatePicker.m in Sources */ = {isa = PBXBuildFile; fileRef = DA340FF6150A32C200CA5AED /* SWDatePicker.m */; };
		DA43D56C150A5CC900C97C1E /* MonthCell.png in Resources */ = {isa = PBXBuildFile; fileRef = DA43D56A150A5CC900C97C1E /* MonthCell.png */; };
		DA43D56D150A5CC900C97C1E /* MonthCellHighlighted.png in Resources */ = {isa = PBXBuildFile; fileRef = DA43D56B150A5CC900C97C1E /* MonthCellHighlighted.png */; };
		DA4C98D714C373380068793E /* CorePlot.framework in Frameworks */ = {isa = PBXBuildFile; fileRef = DA4C98D614C373380068793E /* CorePlot.framework */; };
		DA4C98DA14C376AF0068793E /* QuartzCore.framework in Frameworks */ = {isa = PBXBuildFile; fileRef = DA4C98D914C376AF0068793E /* QuartzCore.framework */; };
		DA4FE8AD14BB5E3F0019B20F /* omron.c in Sources */ = {isa = PBXBuildFile; fileRef = DA4FE8AC14BB5E3F0019B20F /* omron.c */; };
		DA4FE8AF14BB5E4B0019B20F /* omron_libusb.c in Sources */ = {isa = PBXBuildFile; fileRef = DA4FE8AE14BB5E4B0019B20F /* omron_libusb.c */; };
		DA4FE8B114BB5F260019B20F /* libusb-1.0.a in Frameworks */ = {isa = PBXBuildFile; fileRef = DA4FE8B014BB5F260019B20F /* libusb-1.0.a */; };
		DA4FE8BB14BB6A050019B20F /* Pressure.xcdatamodeld in Sources */ = {isa = PBXBuildFile; fileRef = DA4FE8B914BB6A050019B20F /* Pressure.xcdatamodeld */; };
		DA6A784E14C07F050048E771 /* NSDate+Helper.m in Sources */ = {isa = PBXBuildFile; fileRef = DA6A784D14C07F050048E771 /* NSDate+Helper.m */; };
		DAA6226A14BE92A000B91BFA /* Pressure.icns in Resources */ = {isa = PBXBuildFile; fileRef = DAA6226914BE92A000B91BFA /* Pressure.icns */; };
		DAD1DAD114BD30FF00D3EB5F /* IOKit.framework in Frameworks */ = {isa = PBXBuildFile; fileRef = DAD1DAD014BD30FF00D3EB5F /* IOKit.framework */; };
		DAFAA27E14C624500046875B /* LCDM2N__.TTF in Resources */ = {isa = PBXBuildFile; fileRef = DAFAA27D14C624500046875B /* LCDM2N__.TTF */; };
		DAFB343914BE94AB006AC226 /* PXListView.m in Sources */ = {isa = PBXBuildFile; fileRef = DAFB342E14BE94AB006AC226 /* PXListView.m */; };
		DAFB343A14BE94AB006AC226 /* PXListView+UserInteraction.m in Sources */ = {isa = PBXBuildFile; fileRef = DAFB343214BE94AB006AC226 /* PXListView+UserInteraction.m */; };
		DAFB343B14BE94AB006AC226 /* PXListViewCell.m in Sources */ = {isa = PBXBuildFile; fileRef = DAFB343514BE94AB006AC226 /* PXListViewCell.m */; };
		DAFB343C14BE94AB006AC226 /* PXListDocumentView.m in Sources */ = {isa = PBXBuildFile; fileRef = DAFB343814BE94AB006AC226 /* PXListDocumentView.m */; };
		DAFB344014BE96F3006AC226 /* PressureReadingViewCell.m in Sources */ = {isa = PBXBuildFile; fileRef = DAFB343F14BE96F3006AC226 /* PressureReadingViewCell.m */; };
		DAFB355B14BEA109006AC226 /* ReadingViewController.m in Sources */ = {isa = PBXBuildFile; fileRef = DAFB355914BEA109006AC226 /* ReadingViewController.m */; };
		DAFB355C14BEA109006AC226 /* ReadingViewController.xib in Resources */ = {isa = PBXBuildFile; fileRef = DAFB355A14BEA109006AC226 /* ReadingViewController.xib */; };
		DAFB355E14BEA56A006AC226 /* PressureReadingViewCell.xib in Resources */ = {isa = PBXBuildFile; fileRef = DAFB355D14BEA56A006AC226 /* PressureReadingViewCell.xib */; };
		DAFBB28914C8FCF90067CDFC /* backdrop.png in Resources */ = {isa = PBXBuildFile; fileRef = DAFBB28814C8FCF90067CDFC /* backdrop.png */; };
		DAFBB28B14C904F20067CDFC /* List.icns in Resources */ = {isa = PBXBuildFile; fileRef = DAFBB28A14C904F20067CDFC /* List.icns */; };
		DAFBB28D14C905490067CDFC /* Stock.icns in Resources */ = {isa = PBXBuildFile; fileRef = DAFBB28C14C905490067CDFC /* Stock.icns */; };
/* End PBXBuildFile section */

/* Begin PBXContainerItemProxy section */
		DA4C98E514C377130068793E /* PBXContainerItemProxy */ = {
			isa = PBXContainerItemProxy;
			containerPortal = DA4C98DC14C377130068793E /* CorePlot.xcodeproj */;
			proxyType = 2;
			remoteGlobalIDString = 8DC2EF5B0486A6940098B216;
			remoteInfo = CorePlot;
		};
		DA4C98E714C377130068793E /* PBXContainerItemProxy */ = {
			isa = PBXContainerItemProxy;
			containerPortal = DA4C98DC14C377130068793E /* CorePlot.xcodeproj */;
			proxyType = 2;
			remoteGlobalIDString = 0730F600109492D800E95162;
			remoteInfo = UnitTests;
		};
		DA4C98EA14C3771E0068793E /* PBXContainerItemProxy */ = {
			isa = PBXContainerItemProxy;
			containerPortal = DA4C98DC14C377130068793E /* CorePlot.xcodeproj */;
			proxyType = 1;
			remoteGlobalIDString = 8DC2EF4F0486A6940098B216;
			remoteInfo = CorePlot;
		};
/* End PBXContainerItemProxy section */

/* Begin PBXCopyFilesBuildPhase section */
		8FFBCBB514C928D200A24EA5 /* Copy Files (Frameworks) */ = {
			isa = PBXCopyFilesBuildPhase;
			buildActionMask = 2147483647;
			dstPath = "";
			dstSubfolderSpec = 10;
			files = (
				8FFBCBB614C928DA00A24EA5 /* CorePlot.framework in Copy Files (Frameworks) */,
			);
			name = "Copy Files (Frameworks)";
			runOnlyForDeploymentPostprocessing = 0;
		};
/* End PBXCopyFilesBuildPhase section */

/* Begin PBXFileReference section */
		8F176DF914BAB9EE004A5E1A /* SyncButton.h */ = {isa = PBXFileReference; fileEncoding = 4; lastKnownFileType = sourcecode.c.h; path = SyncButton.h; sourceTree = "<group>"; };
		8F176DFA14BAB9EE004A5E1A /* SyncButton.m */ = {isa = PBXFileReference; fileEncoding = 4; lastKnownFileType = sourcecode.c.objc; path = SyncButton.m; sourceTree = "<group>"; };
		8F176DFC14BAB9F7004A5E1A /* RolloverButtonCell.h */ = {isa = PBXFileReference; fileEncoding = 4; lastKnownFileType = sourcecode.c.h; path = RolloverButtonCell.h; sourceTree = "<group>"; };
		8F176DFD14BAB9F7004A5E1A /* RolloverButtonCell.m */ = {isa = PBXFileReference; fileEncoding = 4; lastKnownFileType = sourcecode.c.objc; path = RolloverButtonCell.m; sourceTree = "<group>"; };
		8F29F77314B9116200488B32 /* blueGradient.png */ = {isa = PBXFileReference; lastKnownFileType = image.png; path = blueGradient.png; sourceTree = "<group>"; };
		8F29F77614B912D800488B32 /* backgroundDark.png */ = {isa = PBXFileReference; lastKnownFileType = image.png; path = backgroundDark.png; sourceTree = "<group>"; };
		8F29F77714B912D800488B32 /* backgroundLight.png */ = {isa = PBXFileReference; lastKnownFileType = image.png; path = backgroundLight.png; sourceTree = "<group>"; };
		8F32EB2B14B56CD800122156 /* Pressure.app */ = {isa = PBXFileReference; explicitFileType = wrapper.application; includeInIndex = 0; path = Pressure.app; sourceTree = BUILT_PRODUCTS_DIR; };
		8F32EB2F14B56CD800122156 /* Cocoa.framework */ = {isa = PBXFileReference; lastKnownFileType = wrapper.framework; name = Cocoa.framework; path = System/Library/Frameworks/Cocoa.framework; sourceTree = SDKROOT; };
		8F32EB3214B56CD800122156 /* AppKit.framework */ = {isa = PBXFileReference; lastKnownFileType = wrapper.framework; name = AppKit.framework; path = System/Library/Frameworks/AppKit.framework; sourceTree = SDKROOT; };
		8F32EB3314B56CD800122156 /* CoreData.framework */ = {isa = PBXFileReference; lastKnownFileType = wrapper.framework; name = CoreData.framework; path = System/Library/Frameworks/CoreData.framework; sourceTree = SDKROOT; };
		8F32EB3414B56CD800122156 /* Foundation.framework */ = {isa = PBXFileReference; lastKnownFileType = wrapper.framework; name = Foundation.framework; path = System/Library/Frameworks/Foundation.framework; sourceTree = SDKROOT; };
		8F32EB3614B56CD800122156 /* AppDelegate.h */ = {isa = PBXFileReference; lastKnownFileType = sourcecode.c.h; path = AppDelegate.h; sourceTree = "<group>"; };
		8F32EB3714B56CD800122156 /* AppDelegate.m */ = {isa = PBXFileReference; lastKnownFileType = sourcecode.c.objc; path = AppDelegate.m; sourceTree = "<group>"; };
		8F32EB3A14B56CD800122156 /* en */ = {isa = PBXFileReference; lastKnownFileType = file.xib; name = en; path = en.lproj/MainMenu.xib; sourceTree = "<group>"; };
		8F32EB3D14B56CD800122156 /* Pressure-Info.plist */ = {isa = PBXFileReference; lastKnownFileType = text.plist.xml; path = "Pressure-Info.plist"; sourceTree = "<group>"; };
		8F32EB3E14B56CD800122156 /* Pressure-Prefix.pch */ = {isa = PBXFileReference; lastKnownFileType = sourcecode.c.h; path = "Pressure-Prefix.pch"; sourceTree = "<group>"; };
		8F32EB3F14B56CD800122156 /* main.m */ = {isa = PBXFileReference; lastKnownFileType = sourcecode.c.objc; path = main.m; sourceTree = "<group>"; };
		8F41AEE214B9623B00F850D0 /* syncarrow.pdf */ = {isa = PBXFileReference; lastKnownFileType = image.pdf; path = syncarrow.pdf; sourceTree = "<group>"; };
		8F41AEE314B9623B00F850D0 /* x_close.pdf */ = {isa = PBXFileReference; lastKnownFileType = image.pdf; path = x_close.pdf; sourceTree = "<group>"; };
		8F4EAF0714B6B18200C9C31C /* splitterhandle.png */ = {isa = PBXFileReference; lastKnownFileType = image.png; path = splitterhandle.png; sourceTree = "<group>"; };
		8F4EAF0B14B6B44900C9C31C /* TestViewController.h */ = {isa = PBXFileReference; fileEncoding = 4; lastKnownFileType = sourcecode.c.h; path = TestViewController.h; sourceTree = "<group>"; };
		8F4EAF0C14B6B44900C9C31C /* TestViewController.m */ = {isa = PBXFileReference; fileEncoding = 4; lastKnownFileType = sourcecode.c.objc; path = TestViewController.m; sourceTree = "<group>"; };
		8F4EAF1114B6B8C600C9C31C /* NSViewController+TabBarControllerItem.h */ = {isa = PBXFileReference; fileEncoding = 4; lastKnownFileType = sourcecode.c.h; path = "NSViewController+TabBarControllerItem.h"; sourceTree = "<group>"; };
		8F4EAF1214B6B8C600C9C31C /* NSViewController+TabBarControllerItem.m */ = {isa = PBXFileReference; fileEncoding = 4; lastKnownFileType = sourcecode.c.objc; path = "NSViewController+TabBarControllerItem.m"; sourceTree = "<group>"; };
		8F4EAF1514B6BB2D00C9C31C /* en */ = {isa = PBXFileReference; lastKnownFileType = file.xib; name = en; path = en.lproj/TestViewController.xib; sourceTree = "<group>"; };
		8F4EAF1714B6CB0C00C9C31C /* overflow.png */ = {isa = PBXFileReference; lastKnownFileType = image.png; path = overflow.png; sourceTree = "<group>"; };
		8F4EAF1914B6D6E600C9C31C /* TabBarSelectionIndicatorView.h */ = {isa = PBXFileReference; fileEncoding = 4; lastKnownFileType = sourcecode.c.h; path = TabBarSelectionIndicatorView.h; sourceTree = "<group>"; };
		8F4EAF1A14B6D6E600C9C31C /* TabBarSelectionIndicatorView.m */ = {isa = PBXFileReference; fileEncoding = 4; lastKnownFileType = sourcecode.c.objc; path = TabBarSelectionIndicatorView.m; sourceTree = "<group>"; };
		8F76D0A314B9816900C1F1A0 /* TMRotatingArrow.pdf */ = {isa = PBXFileReference; lastKnownFileType = image.pdf; path = TMRotatingArrow.pdf; sourceTree = "<group>"; };
		8FD7477814DE69F600E4E060 /* PXUserDefaults.h */ = {isa = PBXFileReference; fileEncoding = 4; lastKnownFileType = sourcecode.c.h; path = PXUserDefaults.h; sourceTree = "<group>"; };
		8FD7477914DE69F600E4E060 /* PXUserDefaults.m */ = {isa = PBXFileReference; fileEncoding = 4; lastKnownFileType = sourcecode.c.objc; path = PXUserDefaults.m; sourceTree = "<group>"; };
		8FFAB3A914B58C4900EAE31F /* MainWindowController.h */ = {isa = PBXFileReference; fileEncoding = 4; lastKnownFileType = sourcecode.c.h; path = MainWindowController.h; sourceTree = "<group>"; };
		8FFAB3AA14B58C4900EAE31F /* MainWindowController.m */ = {isa = PBXFileReference; fileEncoding = 4; lastKnownFileType = sourcecode.c.objc; path = MainWindowController.m; sourceTree = "<group>"; };
		8FFAB3AE14B58C6000EAE31F /* en */ = {isa = PBXFileReference; lastKnownFileType = file.xib; name = en; path = en.lproj/MainWindowController.xib; sourceTree = "<group>"; };
		8FFAB3B214B58F6000EAE31F /* TabBarController.h */ = {isa = PBXFileReference; fileEncoding = 4; lastKnownFileType = sourcecode.c.h; path = TabBarController.h; sourceTree = "<group>"; };
		8FFAB3B314B58F6000EAE31F /* TabBarController.m */ = {isa = PBXFileReference; fileEncoding = 4; lastKnownFileType = sourcecode.c.objc; path = TabBarController.m; sourceTree = "<group>"; };
		8FFAB3B514B58F8500EAE31F /* TabBar.h */ = {isa = PBXFileReference; fileEncoding = 4; lastKnownFileType = sourcecode.c.h; path = TabBar.h; sourceTree = "<group>"; };
		8FFAB3B614B58F8500EAE31F /* TabBar.m */ = {isa = PBXFileReference; fileEncoding = 4; lastKnownFileType = sourcecode.c.objc; path = TabBar.m; sourceTree = "<group>"; };
		8FFAB3B914B58F9500EAE31F /* en */ = {isa = PBXFileReference; lastKnownFileType = file.xib; name = en; path = en.lproj/TabBarController.xib; sourceTree = "<group>"; };
		8FFAB3BB14B58FA900EAE31F /* TabBarItem.h */ = {isa = PBXFileReference; fileEncoding = 4; lastKnownFileType = sourcecode.c.h; path = TabBarItem.h; sourceTree = "<group>"; };
		8FFAB3BC14B58FA900EAE31F /* TabBarItem.m */ = {isa = PBXFileReference; fileEncoding = 4; lastKnownFileType = sourcecode.c.objc; path = TabBarItem.m; sourceTree = "<group>"; };
		8FFAB3BE14B58FC000EAE31F /* TabBarItemView.h */ = {isa = PBXFileReference; fileEncoding = 4; lastKnownFileType = sourcecode.c.h; path = TabBarItemView.h; sourceTree = "<group>"; };
		8FFAB3BF14B58FC000EAE31F /* TabBarItemView.m */ = {isa = PBXFileReference; fileEncoding = 4; lastKnownFileType = sourcecode.c.objc; path = TabBarItemView.m; sourceTree = "<group>"; };
		8FFAB3C414B59BCC00EAE31F /* 1325750127_Times and Dates.png */ = {isa = PBXFileReference; lastKnownFileType = image.png; path = "1325750127_Times and Dates.png"; sourceTree = "<group>"; };
		8FFAB3C514B59BCC00EAE31F /* 1325750130_Control Panel.png */ = {isa = PBXFileReference; lastKnownFileType = image.png; path = "1325750130_Control Panel.png"; sourceTree = "<group>"; };
		8FFAB3C614B59BCC00EAE31F /* 1325750134_Account and Control.png */ = {isa = PBXFileReference; lastKnownFileType = image.png; path = "1325750134_Account and Control.png"; sourceTree = "<group>"; };
		8FFAB3C714B59BCC00EAE31F /* 1325750140_Home.png */ = {isa = PBXFileReference; lastKnownFileType = image.png; path = 1325750140_Home.png; sourceTree = "<group>"; };
		8FFAB3D414B5A70900EAE31F /* en */ = {isa = PBXFileReference; lastKnownFileType = file.xib; name = en; path = en.lproj/TabBarItem.xib; sourceTree = "<group>"; };
		DA1A34B914BA2EA30089F858 /* GraphViewController.h */ = {isa = PBXFileReference; fileEncoding = 4; lastKnownFileType = sourcecode.c.h; path = GraphViewController.h; sourceTree = "<group>"; };
		DA1A34BA14BA2EA30089F858 /* GraphViewController.m */ = {isa = PBXFileReference; fileEncoding = 4; lastKnownFileType = sourcecode.c.objc; path = GraphViewController.m; sourceTree = "<group>"; };
		DA1A34BB14BA2EA30089F858 /* GraphViewController.xib */ = {isa = PBXFileReference; fileEncoding = 4; lastKnownFileType = file.xib; path = GraphViewController.xib; sourceTree = "<group>"; };
		DA1A34C914BB36D00089F858 /* OmronDataSource.h */ = {isa = PBXFileReference; fileEncoding = 4; lastKnownFileType = sourcecode.c.h; path = OmronDataSource.h; sourceTree = "<group>"; };
		DA1A34CA14BB36D00089F858 /* OmronDataSource.m */ = {isa = PBXFileReference; fileEncoding = 4; lastKnownFileType = sourcecode.c.objc; path = OmronDataSource.m; sourceTree = "<group>"; };
		DA1A34CB14BB36D00089F858 /* OmronDataSyncOperation.h */ = {isa = PBXFileReference; fileEncoding = 4; lastKnownFileType = sourcecode.c.h; path = OmronDataSyncOperation.h; sourceTree = "<group>"; };
		DA1A34CC14BB36D00089F858 /* OmronDataSyncOperation.m */ = {isa = PBXFileReference; fileEncoding = 4; lastKnownFileType = sourcecode.c.objc; path = OmronDataSyncOperation.m; sourceTree = "<group>"; };
		DA33174A14C10DFA00022170 /* OmronDataRecord.h */ = {isa = PBXFileReference; fileEncoding = 4; lastKnownFileType = sourcecode.c.h; path = OmronDataRecord.h; sourceTree = "<group>"; };
		DA33174B14C10DFA00022170 /* OmronDataRecord.m */ = {isa = PBXFileReference; fileEncoding = 4; lastKnownFileType = sourcecode.c.objc; path = OmronDataRecord.m; sourceTree = "<group>"; };
		DA340FF5150A32C200CA5AED /* SWDatePicker.h */ = {isa = PBXFileReference; fileEncoding = 4; lastKnownFileType = sourcecode.c.h; path = SWDatePicker.h; sourceTree = "<group>"; };
		DA340FF6150A32C200CA5AED /* SWDatePicker.m */ = {isa = PBXFileReference; fileEncoding = 4; lastKnownFileType = sourcecode.c.objc; path = SWDatePicker.m; sourceTree = "<group>"; };
		DA43D56A150A5CC900C97C1E /* MonthCell.png */ = {isa = PBXFileReference; lastKnownFileType = image.png; path = MonthCell.png; sourceTree = "<group>"; };
		DA43D56B150A5CC900C97C1E /* MonthCellHighlighted.png */ = {isa = PBXFileReference; lastKnownFileType = image.png; path = MonthCellHighlighted.png; sourceTree = "<group>"; };
		DA4C98D614C373380068793E /* CorePlot.framework */ = {isa = PBXFileReference; lastKnownFileType = wrapper.framework; name = CorePlot.framework; path = ../3rdparty/CorePlot_0.9/Binaries/MacOS/CorePlot.framework; sourceTree = "<group>"; };
		DA4C98D914C376AF0068793E /* QuartzCore.framework */ = {isa = PBXFileReference; lastKnownFileType = wrapper.framework; name = QuartzCore.framework; path = System/Library/Frameworks/QuartzCore.framework; sourceTree = SDKROOT; };
		DA4C98DC14C377130068793E /* CorePlot.xcodeproj */ = {isa = PBXFileReference; lastKnownFileType = "wrapper.pb-project"; name = CorePlot.xcodeproj; path = ../3rdparty/CorePlot_0.9/Source/framework/CorePlot.xcodeproj; sourceTree = "<group>"; };
		DA4FE8AC14BB5E3F0019B20F /* omron.c */ = {isa = PBXFileReference; fileEncoding = 4; lastKnownFileType = sourcecode.c.c; name = omron.c; path = "../../3rdparty/libomron-0.9.0/src/omron.c"; sourceTree = "<group>"; };
		DA4FE8AE14BB5E4B0019B20F /* omron_libusb.c */ = {isa = PBXFileReference; fileEncoding = 4; lastKnownFileType = sourcecode.c.c; name = omron_libusb.c; path = "../../3rdparty/libomron-0.9.0/src/omron_libusb.c"; sourceTree = "<group>"; };
		DA4FE8B014BB5F260019B20F /* libusb-1.0.a */ = {isa = PBXFileReference; lastKnownFileType = archive.ar; name = "libusb-1.0.a"; path = "../3rdparty/libusb-1.0.8/lib/libusb-1.0.a"; sourceTree = "<group>"; };
		DA4FE8BA14BB6A050019B20F /* Pressure.xcdatamodel */ = {isa = PBXFileReference; lastKnownFileType = wrapper.xcdatamodel; path = Pressure.xcdatamodel; sourceTree = "<group>"; };
		DA6A784C14C07F050048E771 /* NSDate+Helper.h */ = {isa = PBXFileReference; fileEncoding = 4; lastKnownFileType = sourcecode.c.h; path = "NSDate+Helper.h"; sourceTree = "<group>"; };
		DA6A784D14C07F050048E771 /* NSDate+Helper.m */ = {isa = PBXFileReference; fileEncoding = 4; lastKnownFileType = sourcecode.c.objc; path = "NSDate+Helper.m"; sourceTree = "<group>"; };
		DAA6226914BE92A000B91BFA /* Pressure.icns */ = {isa = PBXFileReference; lastKnownFileType = image.icns; path = Pressure.icns; sourceTree = "<group>"; };
		DAD1DAD014BD30FF00D3EB5F /* IOKit.framework */ = {isa = PBXFileReference; lastKnownFileType = wrapper.framework; name = IOKit.framework; path = System/Library/Frameworks/IOKit.framework; sourceTree = SDKROOT; };
		DAFAA27D14C624500046875B /* LCDM2N__.TTF */ = {isa = PBXFileReference; lastKnownFileType = file; path = LCDM2N__.TTF; sourceTree = "<group>"; };
		DAFB342D14BE94AB006AC226 /* PXListView.h */ = {isa = PBXFileReference; fileEncoding = 4; lastKnownFileType = sourcecode.c.h; path = PXListView.h; sourceTree = "<group>"; };
		DAFB342E14BE94AB006AC226 /* PXListView.m */ = {isa = PBXFileReference; fileEncoding = 4; lastKnownFileType = sourcecode.c.objc; path = PXListView.m; sourceTree = "<group>"; };
		DAFB342F14BE94AB006AC226 /* PXListView+Private.h */ = {isa = PBXFileReference; fileEncoding = 4; lastKnownFileType = sourcecode.c.h; path = "PXListView+Private.h"; sourceTree = "<group>"; };
		DAFB343014BE94AB006AC226 /* PXListViewDelegate.h */ = {isa = PBXFileReference; fileEncoding = 4; lastKnownFileType = sourcecode.c.h; path = PXListViewDelegate.h; sourceTree = "<group>"; };
		DAFB343114BE94AB006AC226 /* PXListView+UserInteraction.h */ = {isa = PBXFileReference; fileEncoding = 4; lastKnownFileType = sourcecode.c.h; path = "PXListView+UserInteraction.h"; sourceTree = "<group>"; };
		DAFB343214BE94AB006AC226 /* PXListView+UserInteraction.m */ = {isa = PBXFileReference; fileEncoding = 4; lastKnownFileType = sourcecode.c.objc; path = "PXListView+UserInteraction.m"; sourceTree = "<group>"; };
		DAFB343314BE94AB006AC226 /* PXListViewDropHighlight.h */ = {isa = PBXFileReference; fileEncoding = 4; lastKnownFileType = sourcecode.c.h; path = PXListViewDropHighlight.h; sourceTree = "<group>"; };
		DAFB343414BE94AB006AC226 /* PXListViewCell.h */ = {isa = PBXFileReference; fileEncoding = 4; lastKnownFileType = sourcecode.c.h; path = PXListViewCell.h; sourceTree = "<group>"; };
		DAFB343514BE94AB006AC226 /* PXListViewCell.m */ = {isa = PBXFileReference; fileEncoding = 4; lastKnownFileType = sourcecode.c.objc; path = PXListViewCell.m; sourceTree = "<group>"; };
		DAFB343614BE94AB006AC226 /* PXListViewCell+Private.h */ = {isa = PBXFileReference; fileEncoding = 4; lastKnownFileType = sourcecode.c.h; path = "PXListViewCell+Private.h"; sourceTree = "<group>"; };
		DAFB343714BE94AB006AC226 /* PXListDocumentView.h */ = {isa = PBXFileReference; fileEncoding = 4; lastKnownFileType = sourcecode.c.h; path = PXListDocumentView.h; sourceTree = "<group>"; };
		DAFB343814BE94AB006AC226 /* PXListDocumentView.m */ = {isa = PBXFileReference; fileEncoding = 4; lastKnownFileType = sourcecode.c.objc; path = PXListDocumentView.m; sourceTree = "<group>"; };
		DAFB343E14BE96F3006AC226 /* PressureReadingViewCell.h */ = {isa = PBXFileReference; fileEncoding = 4; lastKnownFileType = sourcecode.c.h; path = PressureReadingViewCell.h; sourceTree = "<group>"; };
		DAFB343F14BE96F3006AC226 /* PressureReadingViewCell.m */ = {isa = PBXFileReference; fileEncoding = 4; lastKnownFileType = sourcecode.c.objc; path = PressureReadingViewCell.m; sourceTree = "<group>"; };
		DAFB355814BEA109006AC226 /* ReadingViewController.h */ = {isa = PBXFileReference; fileEncoding = 4; lastKnownFileType = sourcecode.c.h; path = ReadingViewController.h; sourceTree = "<group>"; };
		DAFB355914BEA109006AC226 /* ReadingViewController.m */ = {isa = PBXFileReference; fileEncoding = 4; lastKnownFileType = sourcecode.c.objc; path = ReadingViewController.m; sourceTree = "<group>"; };
		DAFB355A14BEA109006AC226 /* ReadingViewController.xib */ = {isa = PBXFileReference; fileEncoding = 4; lastKnownFileType = file.xib; path = ReadingViewController.xib; sourceTree = "<group>"; };
		DAFB355D14BEA56A006AC226 /* PressureReadingViewCell.xib */ = {isa = PBXFileReference; fileEncoding = 4; lastKnownFileType = file.xib; path = PressureReadingViewCell.xib; sourceTree = "<group>"; };
		DAFBB28814C8FCF90067CDFC /* backdrop.png */ = {isa = PBXFileReference; lastKnownFileType = image.png; path = backdrop.png; sourceTree = "<group>"; };
		DAFBB28A14C904F20067CDFC /* List.icns */ = {isa = PBXFileReference; lastKnownFileType = image.icns; path = List.icns; sourceTree = "<group>"; };
		DAFBB28C14C905490067CDFC /* Stock.icns */ = {isa = PBXFileReference; lastKnownFileType = image.icns; path = Stock.icns; sourceTree = "<group>"; };
/* End PBXFileReference section */

/* Begin PBXFrameworksBuildPhase section */
		8F32EB2714B56CD800122156 /* Frameworks */ = {
			isa = PBXFrameworksBuildPhase;
			buildActionMask = 2147483647;
			files = (
				DA4C98D714C373380068793E /* CorePlot.framework in Frameworks */,
				DA4C98DA14C376AF0068793E /* QuartzCore.framework in Frameworks */,
				DAD1DAD114BD30FF00D3EB5F /* IOKit.framework in Frameworks */,
				8F32EB3014B56CD800122156 /* Cocoa.framework in Frameworks */,
				DA4FE8B114BB5F260019B20F /* libusb-1.0.a in Frameworks */,
			);
			runOnlyForDeploymentPostprocessing = 0;
		};
/* End PBXFrameworksBuildPhase section */

/* Begin PBXGroup section */
		8F32EB1F14B56CD800122156 = {
			isa = PBXGroup;
			children = (
				DA4C98DB14C376EE0068793E /* Dependant Projects */,
				8F32EB3514B56CD800122156 /* Pressure */,
				8F32EB2E14B56CD800122156 /* Frameworks */,
				8F32EB2C14B56CD800122156 /* Products */,
			);
			sourceTree = "<group>";
		};
		8F32EB2C14B56CD800122156 /* Products */ = {
			isa = PBXGroup;
			children = (
				8F32EB2B14B56CD800122156 /* Pressure.app */,
			);
			name = Products;
			sourceTree = "<group>";
		};
		8F32EB2E14B56CD800122156 /* Frameworks */ = {
			isa = PBXGroup;
			children = (
				DA4C98D914C376AF0068793E /* QuartzCore.framework */,
				DA4C98D614C373380068793E /* CorePlot.framework */,
				DAD1DAD014BD30FF00D3EB5F /* IOKit.framework */,
				DA4FE8B014BB5F260019B20F /* libusb-1.0.a */,
				8F32EB2F14B56CD800122156 /* Cocoa.framework */,
				8F32EB3114B56CD800122156 /* Other Frameworks */,
			);
			name = Frameworks;
			sourceTree = "<group>";
		};
		8F32EB3114B56CD800122156 /* Other Frameworks */ = {
			isa = PBXGroup;
			children = (
				8F32EB3214B56CD800122156 /* AppKit.framework */,
				8F32EB3314B56CD800122156 /* CoreData.framework */,
				8F32EB3414B56CD800122156 /* Foundation.framework */,
			);
			name = "Other Frameworks";
			sourceTree = "<group>";
		};
		8F32EB3514B56CD800122156 /* Pressure */ = {
			isa = PBXGroup;
			children = (
				8F32EB3614B56CD800122156 /* AppDelegate.h */,
				8F32EB3714B56CD800122156 /* AppDelegate.m */,
				8FD7477814DE69F600E4E060 /* PXUserDefaults.h */,
				8FD7477914DE69F600E4E060 /* PXUserDefaults.m */,
				8F32EB3914B56CD800122156 /* MainMenu.xib */,
				DAA6226C14BE943500B91BFA /* PXListView */,
				8F4EAF0A14B6B42A00C9C31C /* Tabs */,
				8F41AECD14B94DEF00F850D0 /* Main Window */,
				8FFAB3B114B58F4800EAE31F /* Tab Bar */,
				8FFAB3B014B58E2300EAE31F /* Images */,
				DA4FE8BC14BB6AF60019B20F /* OmronDevice */,
				8F32EB3C14B56CD800122156 /* Supporting Files */,
				DA340FF5150A32C200CA5AED /* SWDatePicker.h */,
				DA340FF6150A32C200CA5AED /* SWDatePicker.m */,
			);
			path = Pressure;
			sourceTree = "<group>";
		};
		8F32EB3C14B56CD800122156 /* Supporting Files */ = {
			isa = PBXGroup;
			children = (
				DA4C990A14C7019C0068793E /* Fonts */,
				DA6A784C14C07F050048E771 /* NSDate+Helper.h */,
				DA6A784D14C07F050048E771 /* NSDate+Helper.m */,
				DA4FE8B914BB6A050019B20F /* Pressure.xcdatamodeld */,
				8F32EB3D14B56CD800122156 /* Pressure-Info.plist */,
				8F32EB3E14B56CD800122156 /* Pressure-Prefix.pch */,
				8F32EB3F14B56CD800122156 /* main.m */,
			);
			name = "Supporting Files";
			sourceTree = "<group>";
		};
		8F41AECD14B94DEF00F850D0 /* Main Window */ = {
			isa = PBXGroup;
			children = (
				8FFAB3A914B58C4900EAE31F /* MainWindowController.h */,
				8FFAB3AA14B58C4900EAE31F /* MainWindowController.m */,
				8FFAB3AD14B58C6000EAE31F /* MainWindowController.xib */,
				8F176DF914BAB9EE004A5E1A /* SyncButton.h */,
				8F176DFA14BAB9EE004A5E1A /* SyncButton.m */,
				8F176DFC14BAB9F7004A5E1A /* RolloverButtonCell.h */,
				8F176DFD14BAB9F7004A5E1A /* RolloverButtonCell.m */,
			);
			name = "Main Window";
			sourceTree = "<group>";
		};
		8F41AED214B94FD000F850D0 /* Main Window */ = {
			isa = PBXGroup;
			children = (
				8F41AEE214B9623B00F850D0 /* syncarrow.pdf */,
				8F76D0A314B9816900C1F1A0 /* TMRotatingArrow.pdf */,
				8F41AEE314B9623B00F850D0 /* x_close.pdf */,
			);
			path = "Main Window";
			sourceTree = "<group>";
		};
		8F4EAF0614B6B18200C9C31C /* Tab Bar */ = {
			isa = PBXGroup;
			children = (
				8F29F77614B912D800488B32 /* backgroundDark.png */,
				8F29F77714B912D800488B32 /* backgroundLight.png */,
				8F29F77314B9116200488B32 /* blueGradient.png */,
				8F4EAF1714B6CB0C00C9C31C /* overflow.png */,
				8F4EAF0714B6B18200C9C31C /* splitterhandle.png */,
			);
			path = "Tab Bar";
			sourceTree = "<group>";
		};
		8F4EAF0A14B6B42A00C9C31C /* Tabs */ = {
			isa = PBXGroup;
			children = (
				8F4EAF0B14B6B44900C9C31C /* TestViewController.h */,
				8F4EAF0C14B6B44900C9C31C /* TestViewController.m */,
				8F4EAF1414B6BB2D00C9C31C /* TestViewController.xib */,
				DA1A34B914BA2EA30089F858 /* GraphViewController.h */,
				DA1A34BA14BA2EA30089F858 /* GraphViewController.m */,
				DA1A34BB14BA2EA30089F858 /* GraphViewController.xib */,
				DAFB343E14BE96F3006AC226 /* PressureReadingViewCell.h */,
				DAFB343F14BE96F3006AC226 /* PressureReadingViewCell.m */,
				DAFB355D14BEA56A006AC226 /* PressureReadingViewCell.xib */,
				DAFB355814BEA109006AC226 /* ReadingViewController.h */,
				DAFB355914BEA109006AC226 /* ReadingViewController.m */,
				DAFB355A14BEA109006AC226 /* ReadingViewController.xib */,
			);
			name = Tabs;
			sourceTree = "<group>";
		};
		8FFAB3B014B58E2300EAE31F /* Images */ = {
			isa = PBXGroup;
			children = (
				DA43D56A150A5CC900C97C1E /* MonthCell.png */,
				DA43D56B150A5CC900C97C1E /* MonthCellHighlighted.png */,
				DAFBB28A14C904F20067CDFC /* List.icns */,
				DAFBB28C14C905490067CDFC /* Stock.icns */,
				DAFBB28814C8FCF90067CDFC /* backdrop.png */,
				DAA6226914BE92A000B91BFA /* Pressure.icns */,
				8FFAB3C414B59BCC00EAE31F /* 1325750127_Times and Dates.png */,
				8FFAB3C514B59BCC00EAE31F /* 1325750130_Control Panel.png */,
				8FFAB3C614B59BCC00EAE31F /* 1325750134_Account and Control.png */,
				8FFAB3C714B59BCC00EAE31F /* 1325750140_Home.png */,
				8F41AED214B94FD000F850D0 /* Main Window */,
				8F4EAF0614B6B18200C9C31C /* Tab Bar */,
			);
			path = Images;
			sourceTree = "<group>";
		};
		8FFAB3B114B58F4800EAE31F /* Tab Bar */ = {
			isa = PBXGroup;
			children = (
				8F4EAF1114B6B8C600C9C31C /* NSViewController+TabBarControllerItem.h */,
				8F4EAF1214B6B8C600C9C31C /* NSViewController+TabBarControllerItem.m */,
				8FFAB3B514B58F8500EAE31F /* TabBar.h */,
				8FFAB3B614B58F8500EAE31F /* TabBar.m */,
				8FFAB3B214B58F6000EAE31F /* TabBarController.h */,
				8FFAB3B314B58F6000EAE31F /* TabBarController.m */,
				8FFAB3B814B58F9500EAE31F /* TabBarController.xib */,
				8FFAB3BB14B58FA900EAE31F /* TabBarItem.h */,
				8FFAB3BC14B58FA900EAE31F /* TabBarItem.m */,
				8FFAB3D314B5A70900EAE31F /* TabBarItem.xib */,
				8F4EAF1914B6D6E600C9C31C /* TabBarSelectionIndicatorView.h */,
				8F4EAF1A14B6D6E600C9C31C /* TabBarSelectionIndicatorView.m */,
				8FFAB3BE14B58FC000EAE31F /* TabBarItemView.h */,
				8FFAB3BF14B58FC000EAE31F /* TabBarItemView.m */,
			);
			name = "Tab Bar";
			sourceTree = "<group>";
		};
		DA4C98DB14C376EE0068793E /* Dependant Projects */ = {
			isa = PBXGroup;
			children = (
				DA4C98DC14C377130068793E /* CorePlot.xcodeproj */,
			);
			name = "Dependant Projects";
			sourceTree = "<group>";
		};
		DA4C98DD14C377130068793E /* Products */ = {
			isa = PBXGroup;
			children = (
				DA4C98E614C377130068793E /* CorePlot.framework */,
				DA4C98E814C377130068793E /* UnitTests.octest */,
			);
			name = Products;
			sourceTree = "<group>";
		};
		DA4C990A14C7019C0068793E /* Fonts */ = {
			isa = PBXGroup;
			children = (
				DAFAA27D14C624500046875B /* LCDM2N__.TTF */,
			);
			name = Fonts;
			sourceTree = "<group>";
		};
		DA4FE8BC14BB6AF60019B20F /* OmronDevice */ = {
			isa = PBXGroup;
			children = (
				DA4FE8AC14BB5E3F0019B20F /* omron.c */,
				DA4FE8AE14BB5E4B0019B20F /* omron_libusb.c */,
				DA1A34C914BB36D00089F858 /* OmronDataSource.h */,
				DA1A34CA14BB36D00089F858 /* OmronDataSource.m */,
				DA1A34CB14BB36D00089F858 /* OmronDataSyncOperation.h */,
				DA1A34CC14BB36D00089F858 /* OmronDataSyncOperation.m */,
				DA33174A14C10DFA00022170 /* OmronDataRecord.h */,
				DA33174B14C10DFA00022170 /* OmronDataRecord.m */,
			);
			name = OmronDevice;
			sourceTree = "<group>";
		};
		DAA6226C14BE943500B91BFA /* PXListView */ = {
			isa = PBXGroup;
			children = (
				DAFB342D14BE94AB006AC226 /* PXListView.h */,
				DAFB342E14BE94AB006AC226 /* PXListView.m */,
				DAFB342F14BE94AB006AC226 /* PXListView+Private.h */,
				DAFB343014BE94AB006AC226 /* PXListViewDelegate.h */,
				DAFB343114BE94AB006AC226 /* PXListView+UserInteraction.h */,
				DAFB343214BE94AB006AC226 /* PXListView+UserInteraction.m */,
				DAFB343314BE94AB006AC226 /* PXListViewDropHighlight.h */,
				DAFB343414BE94AB006AC226 /* PXListViewCell.h */,
				DAFB343514BE94AB006AC226 /* PXListViewCell.m */,
				DAFB343614BE94AB006AC226 /* PXListViewCell+Private.h */,
				DAFB343714BE94AB006AC226 /* PXListDocumentView.h */,
				DAFB343814BE94AB006AC226 /* PXListDocumentView.m */,
			);
			name = PXListView;
			sourceTree = "<group>";
		};
/* End PBXGroup section */

/* Begin PBXNativeTarget section */
		8F32EB2A14B56CD800122156 /* Pressure */ = {
			isa = PBXNativeTarget;
			buildConfigurationList = 8F32EB4314B56CD800122156 /* Build configuration list for PBXNativeTarget "Pressure" */;
			buildPhases = (
				8F32EB2614B56CD800122156 /* Sources */,
				8F32EB2714B56CD800122156 /* Frameworks */,
				8F32EB2814B56CD800122156 /* Resources */,
				8FFBCBB514C928D200A24EA5 /* Copy Files (Frameworks) */,
			);
			buildRules = (
			);
			dependencies = (
				DA4C98EB14C3771E0068793E /* PBXTargetDependency */,
			);
			name = Pressure;
			productName = Pressure;
			productReference = 8F32EB2B14B56CD800122156 /* Pressure.app */;
			productType = "com.apple.product-type.application";
		};
/* End PBXNativeTarget section */

/* Begin PBXProject section */
		8F32EB2114B56CD800122156 /* Project object */ = {
			isa = PBXProject;
			attributes = {
				LastUpgradeCheck = 0420;
			};
			buildConfigurationList = 8F32EB2414B56CD800122156 /* Build configuration list for PBXProject "Pressure" */;
			compatibilityVersion = "Xcode 3.2";
			developmentRegion = English;
			hasScannedForEncodings = 0;
			knownRegions = (
				en,
			);
			mainGroup = 8F32EB1F14B56CD800122156;
			productRefGroup = 8F32EB2C14B56CD800122156 /* Products */;
			projectDirPath = "";
			projectReferences = (
				{
					ProductGroup = DA4C98DD14C377130068793E /* Products */;
					ProjectRef = DA4C98DC14C377130068793E /* CorePlot.xcodeproj */;
				},
			);
			projectRoot = "";
			targets = (
				8F32EB2A14B56CD800122156 /* Pressure */,
			);
		};
/* End PBXProject section */

/* Begin PBXReferenceProxy section */
		DA4C98E614C377130068793E /* CorePlot.framework */ = {
			isa = PBXReferenceProxy;
			fileType = wrapper.framework;
			path = CorePlot.framework;
			remoteRef = DA4C98E514C377130068793E /* PBXContainerItemProxy */;
			sourceTree = BUILT_PRODUCTS_DIR;
		};
		DA4C98E814C377130068793E /* UnitTests.octest */ = {
			isa = PBXReferenceProxy;
			fileType = wrapper.cfbundle;
			path = UnitTests.octest;
			remoteRef = DA4C98E714C377130068793E /* PBXContainerItemProxy */;
			sourceTree = BUILT_PRODUCTS_DIR;
		};
/* End PBXReferenceProxy section */

/* Begin PBXResourcesBuildPhase section */
		8F32EB2814B56CD800122156 /* Resources */ = {
			isa = PBXResourcesBuildPhase;
			buildActionMask = 2147483647;
			files = (
				8F32EB3B14B56CD800122156 /* MainMenu.xib in Resources */,
				8FFAB3AF14B58C6000EAE31F /* MainWindowController.xib in Resources */,
				8FFAB3BA14B58F9500EAE31F /* TabBarController.xib in Resources */,
				8FFAB3C914B59BCC00EAE31F /* 1325750127_Times and Dates.png in Resources */,
				8FFAB3CA14B59BCC00EAE31F /* 1325750130_Control Panel.png in Resources */,
				8FFAB3CB14B59BCC00EAE31F /* 1325750134_Account and Control.png in Resources */,
				8FFAB3CC14B59BCC00EAE31F /* 1325750140_Home.png in Resources */,
				8FFAB3D514B5A70900EAE31F /* TabBarItem.xib in Resources */,
				8F4EAF0814B6B18200C9C31C /* splitterhandle.png in Resources */,
				8F4EAF1614B6BB2D00C9C31C /* TestViewController.xib in Resources */,
				8F4EAF1814B6CB0C00C9C31C /* overflow.png in Resources */,
				8F29F77414B9116200488B32 /* blueGradient.png in Resources */,
				8F29F77814B912D800488B32 /* backgroundDark.png in Resources */,
				8F29F77914B912D800488B32 /* backgroundLight.png in Resources */,
				8F41AEE414B9623B00F850D0 /* syncarrow.pdf in Resources */,
				8F41AEE514B9623B00F850D0 /* x_close.pdf in Resources */,
				8F76D0A414B9816900C1F1A0 /* TMRotatingArrow.pdf in Resources */,
				DA1A34BD14BA2EA30089F858 /* GraphViewController.xib in Resources */,
				DAA6226A14BE92A000B91BFA /* Pressure.icns in Resources */,
				DAFB355C14BEA109006AC226 /* ReadingViewController.xib in Resources */,
				DAFB355E14BEA56A006AC226 /* PressureReadingViewCell.xib in Resources */,
				DAFAA27E14C624500046875B /* LCDM2N__.TTF in Resources */,
				DAFBB28914C8FCF90067CDFC /* backdrop.png in Resources */,
				DAFBB28B14C904F20067CDFC /* List.icns in Resources */,
				DAFBB28D14C905490067CDFC /* Stock.icns in Resources */,
				DA43D56C150A5CC900C97C1E /* MonthCell.png in Resources */,
				DA43D56D150A5CC900C97C1E /* MonthCellHighlighted.png in Resources */,
			);
			runOnlyForDeploymentPostprocessing = 0;
		};
/* End PBXResourcesBuildPhase section */

/* Begin PBXSourcesBuildPhase section */
		8F32EB2614B56CD800122156 /* Sources */ = {
			isa = PBXSourcesBuildPhase;
			buildActionMask = 2147483647;
			files = (
				8F32EB3814B56CD800122156 /* AppDelegate.m in Sources */,
				8F32EB4014B56CD800122156 /* main.m in Sources */,
				8FFAB3AB14B58C4900EAE31F /* MainWindowController.m in Sources */,
				8FFAB3B414B58F6000EAE31F /* TabBarController.m in Sources */,
				8FFAB3B714B58F8500EAE31F /* TabBar.m in Sources */,
				8FFAB3BD14B58FA900EAE31F /* TabBarItem.m in Sources */,
				8FFAB3C014B58FC000EAE31F /* TabBarItemView.m in Sources */,
				8F4EAF0D14B6B44900C9C31C /* TestViewController.m in Sources */,
				8F4EAF1314B6B8C600C9C31C /* NSViewController+TabBarControllerItem.m in Sources */,
				8F4EAF1B14B6D6E600C9C31C /* TabBarSelectionIndicatorView.m in Sources */,
				8F176DFB14BAB9EE004A5E1A /* SyncButton.m in Sources */,
				8F176DFE14BAB9F7004A5E1A /* RolloverButtonCell.m in Sources */,
				DA1A34BC14BA2EA30089F858 /* GraphViewController.m in Sources */,
				DA1A34CD14BB36D00089F858 /* OmronDataSource.m in Sources */,
				DA1A34CE14BB36D00089F858 /* OmronDataSyncOperation.m in Sources */,
				DA4FE8AD14BB5E3F0019B20F /* omron.c in Sources */,
				DA4FE8AF14BB5E4B0019B20F /* omron_libusb.c in Sources */,
				DA4FE8BB14BB6A050019B20F /* Pressure.xcdatamodeld in Sources */,
				DAFB343914BE94AB006AC226 /* PXListView.m in Sources */,
				DAFB343A14BE94AB006AC226 /* PXListView+UserInteraction.m in Sources */,
				DAFB343B14BE94AB006AC226 /* PXListViewCell.m in Sources */,
				DAFB343C14BE94AB006AC226 /* PXListDocumentView.m in Sources */,
				DAFB344014BE96F3006AC226 /* PressureReadingViewCell.m in Sources */,
				DAFB355B14BEA109006AC226 /* ReadingViewController.m in Sources */,
				DA6A784E14C07F050048E771 /* NSDate+Helper.m in Sources */,
				DA33174C14C10DFA00022170 /* OmronDataRecord.m in Sources */,
				8FD7477A14DE69F600E4E060 /* PXUserDefaults.m in Sources */,
				DA340FF7150A32C200CA5AED /* SWDatePicker.m in Sources */,
			);
			runOnlyForDeploymentPostprocessing = 0;
		};
/* End PBXSourcesBuildPhase section */

/* Begin PBXTargetDependency section */
		DA4C98EB14C3771E0068793E /* PBXTargetDependency */ = {
			isa = PBXTargetDependency;
			name = CorePlot;
			targetProxy = DA4C98EA14C3771E0068793E /* PBXContainerItemProxy */;
		};
/* End PBXTargetDependency section */

/* Begin PBXVariantGroup section */
		8F32EB3914B56CD800122156 /* MainMenu.xib */ = {
			isa = PBXVariantGroup;
			children = (
				8F32EB3A14B56CD800122156 /* en */,
			);
			name = MainMenu.xib;
			sourceTree = "<group>";
		};
		8F4EAF1414B6BB2D00C9C31C /* TestViewController.xib */ = {
			isa = PBXVariantGroup;
			children = (
				8F4EAF1514B6BB2D00C9C31C /* en */,
			);
			name = TestViewController.xib;
			sourceTree = "<group>";
		};
		8FFAB3AD14B58C6000EAE31F /* MainWindowController.xib */ = {
			isa = PBXVariantGroup;
			children = (
				8FFAB3AE14B58C6000EAE31F /* en */,
			);
			name = MainWindowController.xib;
			sourceTree = "<group>";
		};
		8FFAB3B814B58F9500EAE31F /* TabBarController.xib */ = {
			isa = PBXVariantGroup;
			children = (
				8FFAB3B914B58F9500EAE31F /* en */,
			);
			name = TabBarController.xib;
			sourceTree = "<group>";
		};
		8FFAB3D314B5A70900EAE31F /* TabBarItem.xib */ = {
			isa = PBXVariantGroup;
			children = (
				8FFAB3D414B5A70900EAE31F /* en */,
			);
			name = TabBarItem.xib;
			sourceTree = "<group>";
		};
/* End PBXVariantGroup section */

/* Begin XCBuildConfiguration section */
		8F32EB4114B56CD800122156 /* Debug */ = {
			isa = XCBuildConfiguration;
			buildSettings = {
				ALWAYS_SEARCH_USER_PATHS = NO;
				ARCHS = "$(ARCHS_STANDARD_64_BIT)";
				COPY_PHASE_STRIP = NO;
				GCC_C_LANGUAGE_STANDARD = c99;
				GCC_OPTIMIZATION_LEVEL = 0;
				GCC_TREAT_IMPLICIT_FUNCTION_DECLARATIONS_AS_ERRORS = YES;
				GCC_TREAT_WARNINGS_AS_ERRORS = YES;
				GCC_WARN_64_TO_32_BIT_CONVERSION = YES;
				GCC_WARN_ABOUT_RETURN_TYPE = YES;
				GCC_WARN_ALLOW_INCOMPLETE_PROTOCOL = NO;
				GCC_WARN_HIDDEN_VIRTUAL_FUNCTIONS = YES;
				GCC_WARN_INITIALIZER_NOT_FULLY_BRACKETED = YES;
				GCC_WARN_NON_VIRTUAL_DESTRUCTOR = YES;
				GCC_WARN_SIGN_COMPARE = YES;
				GCC_WARN_UNINITIALIZED_AUTOS = YES;
				GCC_WARN_UNUSED_FUNCTION = YES;
				GCC_WARN_UNUSED_LABEL = YES;
				GCC_WARN_UNUSED_VARIABLE = YES;
				HEADER_SEARCH_PATHS = (
					"../3rdparty/libusb-1.0.8/include/libusb-1.0",
					"../3rdparty/libomron-0.9.0/include/libomron",
				);
				OTHER_CFLAGS = (
					"-Wnested-externs",
					"-Wold-style-definition",
					"-Wstrict-prototypes",
					"-Wundeclared-selector",
				);
				OTHER_CPLUSPLUSFLAGS = "-Wsign-promo";
				OTHER_LDFLAGS = "-Wl,-search_paths_first";
				SDKROOT = macosx;
				WARNING_CFLAGS = (
					"-Wall",
					"-Wdisabled-optimization",
					"-Wextra",
					"-Wextra-tokens",
					"-Wfloat-equal",
					"-Wformat-security",
					"-Winit-self",
					"-Winvalid-pch",
					"-Wlong-long",
					"-Wno-missing-field-initializers",
					"-Wno-unknown-pragmas",
					"-Wno-unused-parameter",
					"-Wpointer-arith",
					"-Wredundant-decls",
					"-Wswitch-default",
					"-Wswitch-enum",
				);
			};
			name = Debug;
		};
		8F32EB4214B56CD800122156 /* Release */ = {
			isa = XCBuildConfiguration;
			buildSettings = {
				ALWAYS_SEARCH_USER_PATHS = NO;
				ARCHS = "$(ARCHS_STANDARD_64_BIT)";
				DEBUG_INFORMATION_FORMAT = "dwarf-with-dsym";
				GCC_C_LANGUAGE_STANDARD = c99;
				GCC_PREPROCESSOR_DEFINITIONS = (
					NDEBUG,
					NS_BLOCK_ASSERTIONS,
				);
				GCC_TREAT_IMPLICIT_FUNCTION_DECLARATIONS_AS_ERRORS = YES;
				GCC_TREAT_WARNINGS_AS_ERRORS = YES;
				GCC_WARN_64_TO_32_BIT_CONVERSION = YES;
				GCC_WARN_ABOUT_RETURN_TYPE = YES;
				GCC_WARN_ALLOW_INCOMPLETE_PROTOCOL = NO;
				GCC_WARN_HIDDEN_VIRTUAL_FUNCTIONS = YES;
				GCC_WARN_INITIALIZER_NOT_FULLY_BRACKETED = YES;
				GCC_WARN_NON_VIRTUAL_DESTRUCTOR = YES;
				GCC_WARN_SIGN_COMPARE = YES;
				GCC_WARN_UNINITIALIZED_AUTOS = YES;
				GCC_WARN_UNUSED_FUNCTION = YES;
				GCC_WARN_UNUSED_LABEL = YES;
				GCC_WARN_UNUSED_VARIABLE = YES;
				HEADER_SEARCH_PATHS = (
					"../3rdparty/libusb-1.0.8/include/libusb-1.0",
					"../3rdparty/libomron-0.9.0/include/libomron",
				);
				OTHER_CFLAGS = (
					"-Wnested-externs",
					"-Wold-style-definition",
					"-Wstrict-prototypes",
					"-Wundeclared-selector",
				);
				OTHER_CPLUSPLUSFLAGS = "-Wsign-promo";
				OTHER_LDFLAGS = "-Wl,-search_paths_first";
				SDKROOT = macosx;
				WARNING_CFLAGS = (
					"-Wall",
					"-Wdisabled-optimization",
					"-Wextra",
					"-Wextra-tokens",
					"-Wfloat-equal",
					"-Wformat-security",
					"-Winit-self",
					"-Winvalid-pch",
					"-Wlong-long",
					"-Wno-missing-field-initializers",
					"-Wno-unknown-pragmas",
					"-Wno-unused-parameter",
					"-Wpointer-arith",
					"-Wredundant-decls",
					"-Wswitch-default",
					"-Wswitch-enum",
				);
			};
			name = Release;
		};
		8F32EB4414B56CD800122156 /* Debug */ = {
			isa = XCBuildConfiguration;
			buildSettings = {
				FRAMEWORK_SEARCH_PATHS = (
					"$(inherited)",
					"\"$(SRCROOT)/../3rdparty/CorePlot_0.9/Binaries/MacOS\"",
				);
				GCC_PRECOMPILE_PREFIX_HEADER = YES;
				GCC_PREFIX_HEADER = "Pressure/Pressure-Prefix.pch";
				INFOPLIST_FILE = "Pressure/Pressure-Info.plist";
				LIBRARY_SEARCH_PATHS = (
					"$(inherited)",
					"\"$(SRCROOT)\"",
					"\"$(SRCROOT)/../3rdparty/libusb-1.0.8/lib\"",
				);
				PRODUCT_NAME = Pressure;
			};
			name = Debug;
		};
		8F32EB4514B56CD800122156 /* Release */ = {
			isa = XCBuildConfiguration;
			buildSettings = {
				FRAMEWORK_SEARCH_PATHS = (
					"$(inherited)",
					"\"$(SRCROOT)/../3rdparty/CorePlot_0.9/Binaries/MacOS\"",
				);
				GCC_PRECOMPILE_PREFIX_HEADER = YES;
				GCC_PREFIX_HEADER = "Pressure/Pressure-Prefix.pch";
				INFOPLIST_FILE = "Pressure/Pressure-Info.plist";
				LIBRARY_SEARCH_PATHS = (
					"$(inherited)",
					"\"$(SRCROOT)\"",
					"\"$(SRCROOT)/../3rdparty/libusb-1.0.8/lib\"",
				);
				PRODUCT_NAME = Pressure;
			};
			name = Release;
		};
/* End XCBuildConfiguration section */

/* Begin XCConfigurationList section */
		8F32EB2414B56CD800122156 /* Build configuration list for PBXProject "Pressure" */ = {
			isa = XCConfigurationList;
			buildConfigurations = (
				8F32EB4114B56CD800122156 /* Debug */,
				8F32EB4214B56CD800122156 /* Release */,
			);
			defaultConfigurationIsVisible = 0;
			defaultConfigurationName = Release;
		};
		8F32EB4314B56CD800122156 /* Build configuration list for PBXNativeTarget "Pressure" */ = {
			isa = XCConfigurationList;
			buildConfigurations = (
				8F32EB4414B56CD800122156 /* Debug */,
				8F32EB4514B56CD800122156 /* Release */,
			);
			defaultConfigurationIsVisible = 0;
			defaultConfigurationName = Release;
		};
/* End XCConfigurationList section */

/* Begin XCVersionGroup section */
		DA4FE8B914BB6A050019B20F /* Pressure.xcdatamodeld */ = {
			isa = XCVersionGroup;
			children = (
				DA4FE8BA14BB6A050019B20F /* Pressure.xcdatamodel */,
			);
			currentVersion = DA4FE8BA14BB6A050019B20F /* Pressure.xcdatamodel */;
			path = Pressure.xcdatamodeld;
			sourceTree = "<group>";
			versionGroupType = wrapper.xcdatamodel;
		};
/* End XCVersionGroup section */
	};
	rootObject = 8F32EB2114B56CD800122156 /* Project object */;
}
