// !$*UTF8*$!
{
	archiveVersion = 1;
	classes = {
	};
	objectVersion = 46;
	objects = {

/* Begin PBXBuildFile section */
		DA753A0114AA2BB900786B49 /* main.c in Sources */ = {isa = PBXBuildFile; fileRef = DA753A0014AA2BB900786B49 /* main.c */; };
		DA753A0314AA2BBA00786B49 /* pressure_helper.1 in CopyFiles */ = {isa = PBXBuildFile; fileRef = DA753A0214AA2BBA00786B49 /* pressure_helper.1 */; };
		DA753A0E14AA336F00786B49 /* CoreFoundation.framework in Frameworks */ = {isa = PBXBuildFile; fileRef = DA753A0D14AA336F00786B49 /* CoreFoundation.framework */; };
		DA753A1014AA337800786B49 /* IOKit.framework in Frameworks */ = {isa = PBXBuildFile; fileRef = DA753A0F14AA337800786B49 /* IOKit.framework */; };
		DA753A1214AA570400786B49 /* AppKit.framework in Frameworks */ = {isa = PBXBuildFile; fileRef = DA753A1114AA570400786B49 /* AppKit.framework */; };
/* End PBXBuildFile section */

/* Begin PBXCopyFilesBuildPhase section */
		DA7539FA14AA2BB900786B49 /* CopyFiles */ = {
			isa = PBXCopyFilesBuildPhase;
			buildActionMask = 2147483647;
			dstPath = /usr/share/man/man1/;
			dstSubfolderSpec = 0;
			files = (
				DA753A0314AA2BBA00786B49 /* pressure_helper.1 in CopyFiles */,
			);
			runOnlyForDeploymentPostprocessing = 1;
		};
/* End PBXCopyFilesBuildPhase section */

/* Begin PBXFileReference section */
		DA7539FC14AA2BB900786B49 /* pressure-helper */ = {isa = PBXFileReference; explicitFileType = "compiled.mach-o.executable"; includeInIndex = 0; path = "pressure-helper"; sourceTree = BUILT_PRODUCTS_DIR; };
		DA753A0014AA2BB900786B49 /* main.c */ = {isa = PBXFileReference; lastKnownFileType = sourcecode.c.c; path = main.c; sourceTree = "<group>"; };
		DA753A0214AA2BBA00786B49 /* pressure_helper.1 */ = {isa = PBXFileReference; lastKnownFileType = text.man; path = pressure_helper.1; sourceTree = "<group>"; };
		DA753A0D14AA336F00786B49 /* CoreFoundation.framework */ = {isa = PBXFileReference; lastKnownFileType = wrapper.framework; name = CoreFoundation.framework; path = System/Library/Frameworks/CoreFoundation.framework; sourceTree = SDKROOT; };
		DA753A0F14AA337800786B49 /* IOKit.framework */ = {isa = PBXFileReference; lastKnownFileType = wrapper.framework; name = IOKit.framework; path = System/Library/Frameworks/IOKit.framework; sourceTree = SDKROOT; };
		DA753A1114AA570400786B49 /* AppKit.framework */ = {isa = PBXFileReference; lastKnownFileType = wrapper.framework; name = AppKit.framework; path = System/Library/Frameworks/AppKit.framework; sourceTree = SDKROOT; };
/* End PBXFileReference section */

/* Begin PBXFrameworksBuildPhase section */
		DA7539F914AA2BB900786B49 /* Frameworks */ = {
			isa = PBXFrameworksBuildPhase;
			buildActionMask = 2147483647;
			files = (
				DA753A1214AA570400786B49 /* AppKit.framework in Frameworks */,
				DA753A1014AA337800786B49 /* IOKit.framework in Frameworks */,
				DA753A0E14AA336F00786B49 /* CoreFoundation.framework in Frameworks */,
			);
			runOnlyForDeploymentPostprocessing = 0;
		};
/* End PBXFrameworksBuildPhase section */

/* Begin PBXGroup section */
		DA7539F114AA2BB900786B49 = {
			isa = PBXGroup;
			children = (
				DA753A1114AA570400786B49 /* AppKit.framework */,
				DA753A0F14AA337800786B49 /* IOKit.framework */,
				DA753A0D14AA336F00786B49 /* CoreFoundation.framework */,
				DA7539FF14AA2BB900786B49 /* pressure-helper */,
				DA7539FD14AA2BB900786B49 /* Products */,
			);
			sourceTree = "<group>";
		};
		DA7539FD14AA2BB900786B49 /* Products */ = {
			isa = PBXGroup;
			children = (
				DA7539FC14AA2BB900786B49 /* pressure-helper */,
			);
			name = Products;
			sourceTree = "<group>";
		};
		DA7539FF14AA2BB900786B49 /* pressure-helper */ = {
			isa = PBXGroup;
			children = (
				DA753A0014AA2BB900786B49 /* main.c */,
				DA753A0214AA2BBA00786B49 /* pressure_helper.1 */,
			);
			path = "pressure-helper";
			sourceTree = "<group>";
		};
/* End PBXGroup section */

/* Begin PBXNativeTarget section */
		DA7539FB14AA2BB900786B49 /* pressure-helper */ = {
			isa = PBXNativeTarget;
			buildConfigurationList = DA753A0614AA2BBA00786B49 /* Build configuration list for PBXNativeTarget "pressure-helper" */;
			buildPhases = (
				DA7539F814AA2BB900786B49 /* Sources */,
				DA7539F914AA2BB900786B49 /* Frameworks */,
				DA7539FA14AA2BB900786B49 /* CopyFiles */,
			);
			buildRules = (
			);
			dependencies = (
			);
			name = "pressure-helper";
			productName = "pressure-helper";
			productReference = DA7539FC14AA2BB900786B49 /* pressure-helper */;
			productType = "com.apple.product-type.tool";
		};
/* End PBXNativeTarget section */

/* Begin PBXProject section */
		DA7539F314AA2BB900786B49 /* Project object */ = {
			isa = PBXProject;
			attributes = {
				LastUpgradeCheck = 0420;
				ORGANIZATIONNAME = "Cisco Systems, Inc.";
			};
			buildConfigurationList = DA7539F614AA2BB900786B49 /* Build configuration list for PBXProject "pressure-helper" */;
			compatibilityVersion = "Xcode 3.2";
			developmentRegion = English;
			hasScannedForEncodings = 0;
			knownRegions = (
				en,
			);
			mainGroup = DA7539F114AA2BB900786B49;
			productRefGroup = DA7539FD14AA2BB900786B49 /* Products */;
			projectDirPath = "";
			projectRoot = "";
			targets = (
				DA7539FB14AA2BB900786B49 /* pressure-helper */,
			);
		};
/* End PBXProject section */

/* Begin PBXSourcesBuildPhase section */
		DA7539F814AA2BB900786B49 /* Sources */ = {
			isa = PBXSourcesBuildPhase;
			buildActionMask = 2147483647;
			files = (
				DA753A0114AA2BB900786B49 /* main.c in Sources */,
			);
			runOnlyForDeploymentPostprocessing = 0;
		};
/* End PBXSourcesBuildPhase section */

/* Begin XCBuildConfiguration section */
		DA753A0414AA2BBA00786B49 /* Debug */ = {
			isa = XCBuildConfiguration;
			buildSettings = {
				ALWAYS_SEARCH_USER_PATHS = NO;
				ARCHS = "$(ARCHS_STANDARD_64_BIT)";
				CLANG_ENABLE_OBJC_ARC = YES;
				COPY_PHASE_STRIP = NO;
				DEPLOYMENT_LOCATION = YES;
				GCC_C_LANGUAGE_STANDARD = gnu99;
				GCC_DYNAMIC_NO_PIC = NO;
				GCC_ENABLE_OBJC_EXCEPTIONS = YES;
				GCC_OPTIMIZATION_LEVEL = 0;
				GCC_PREPROCESSOR_DEFINITIONS = (
					"DEBUG=1",
					"$(inherited)",
				);
				GCC_SYMBOLS_PRIVATE_EXTERN = NO;
				GCC_VERSION = com.apple.compilers.llvm.clang.1_0;
				GCC_WARN_64_TO_32_BIT_CONVERSION = YES;
				GCC_WARN_ABOUT_MISSING_PROTOTYPES = YES;
				GCC_WARN_ABOUT_RETURN_TYPE = YES;
				GCC_WARN_UNUSED_VARIABLE = YES;
				MACOSX_DEPLOYMENT_TARGET = 10.7;
				ONLY_ACTIVE_ARCH = YES;
				SDKROOT = macosx;
			};
			name = Debug;
		};
		DA753A0514AA2BBA00786B49 /* Release */ = {
			isa = XCBuildConfiguration;
			buildSettings = {
				ALWAYS_SEARCH_USER_PATHS = NO;
				ARCHS = "$(ARCHS_STANDARD_64_BIT)";
				CLANG_ENABLE_OBJC_ARC = YES;
				COPY_PHASE_STRIP = YES;
				DEBUG_INFORMATION_FORMAT = "dwarf-with-dsym";
				DEPLOYMENT_LOCATION = YES;
				GCC_C_LANGUAGE_STANDARD = gnu99;
				GCC_ENABLE_OBJC_EXCEPTIONS = YES;
				GCC_VERSION = com.apple.compilers.llvm.clang.1_0;
				GCC_WARN_64_TO_32_BIT_CONVERSION = YES;
				GCC_WARN_ABOUT_MISSING_PROTOTYPES = YES;
				GCC_WARN_ABOUT_RETURN_TYPE = YES;
				GCC_WARN_UNUSED_VARIABLE = YES;
				MACOSX_DEPLOYMENT_TARGET = 10.7;
				SDKROOT = macosx;
			};
			name = Release;
		};
		DA753A0714AA2BBA00786B49 /* Debug */ = {
			isa = XCBuildConfiguration;
			buildSettings = {
				DSTROOT = .;
				INSTALL_PATH = ./bin;
				PRODUCT_NAME = "$(TARGET_NAME)";
			};
			name = Debug;
		};
		DA753A0814AA2BBA00786B49 /* Release */ = {
			isa = XCBuildConfiguration;
			buildSettings = {
				DSTROOT = .;
				INSTALL_PATH = ./bin;
				PRODUCT_NAME = "$(TARGET_NAME)";
			};
			name = Release;
		};
/* End XCBuildConfiguration section */

/* Begin XCConfigurationList section */
		DA7539F614AA2BB900786B49 /* Build configuration list for PBXProject "pressure-helper" */ = {
			isa = XCConfigurationList;
			buildConfigurations = (
				DA753A0414AA2BBA00786B49 /* Debug */,
				DA753A0514AA2BBA00786B49 /* Release */,
			);
			defaultConfigurationIsVisible = 0;
			defaultConfigurationName = Release;
		};
		DA753A0614AA2BBA00786B49 /* Build configuration list for PBXNativeTarget "pressure-helper" */ = {
			isa = XCConfigurationList;
			buildConfigurations = (
				DA753A0714AA2BBA00786B49 /* Debug */,
				DA753A0814AA2BBA00786B49 /* Release */,
			);
			defaultConfigurationIsVisible = 0;
		};
/* End XCConfigurationList section */
	};
	rootObject = DA7539F314AA2BB900786B49 /* Project object */;
}
